
Microsoft Visual Studio Solution File, Format Version 10.00
# Visual Studio 2008
Project("{FAE04EC0-301F-11D3-BF4B-00C04F79EFBC}") = "MPFitLib", "MPFitLib\MPFitLib.csproj", "{821F51BA-365C-42E2-8545-3E250AFADBAE}"
EndProject
Project("{FAE04EC0-301F-11D3-BF4B-00C04F79EFBC}") = "MPFitLib.Test", "MPFitLib.Test\MPFitLib.Test.csproj", "{D7AAC6D1-35D7-4613-8A13-9B786135C097}"
EndProject
Project("{FAE04EC0-301F-11D3-BF4B-00C04F79EFBC}") = "MPFitLib.Silverlight", "MPFitLib.Silverlight\MPFitLib.Silverlight.csproj", "{357A3522-D209-4230-B38D-8FAB7EC0560D}"
EndProject
Global
	GlobalSection(SolutionConfigurationPlatforms) = preSolution
		Debug|Any CPU = Debug|Any CPU
		Debug|Mixed Platforms = Debug|Mixed Platforms
		Debug|Win32 = Debug|Win32
		Release|Any CPU = Release|Any CPU
		Release|Mixed Platforms = Release|Mixed Platforms
		Release|Win32 = Release|Win32
	EndGlobalSection
	GlobalSection(ProjectConfigurationPlatforms) = postSolution
		{821F51BA-365C-42E2-8545-3E250AFADBAE}.Debug|Any CPU.ActiveCfg = Debug|Any CPU
		{821F51BA-365C-42E2-8545-3E250AFADBAE}.Debug|Any CPU.Build.0 = Debug|Any CPU
		{821F51BA-365C-42E2-8545-3E250AFADBAE}.Debug|Mixed Platforms.ActiveCfg = Debug|Any CPU
		{821F51BA-365C-42E2-8545-3E250AFADBAE}.Debug|Mixed Platforms.Build.0 = Debug|Any CPU
		{821F51BA-365C-42E2-8545-3E250AFADBAE}.Debug|Win32.ActiveCfg = Debug|Any CPU
		{821F51BA-365C-42E2-8545-3E250AFADBAE}.Release|Any CPU.ActiveCfg = Release|Any CPU
		{821F51BA-365C-42E2-8545-3E250AFADBAE}.Release|Any CPU.Build.0 = Release|Any CPU
		{821F51BA-365C-42E2-8545-3E250AFADBAE}.Release|Mixed Platforms.ActiveCfg = Release|Any CPU
		{821F51BA-365C-42E2-8545-3E250AFADBAE}.Release|Mixed Platforms.Build.0 = Release|Any CPU
		{821F51BA-365C-42E2-8545-3E250AFADBAE}.Release|Win32.ActiveCfg = Release|Any CPU
		{D7AAC6D1-35D7-4613-8A13-9B786135C097}.Debug|Any CPU.ActiveCfg = Debug|Any CPU
		{D7AAC6D1-35D7-4613-8A13-9B786135C097}.Debug|Any CPU.Build.0 = Debug|Any CPU
		{D7AAC6D1-35D7-4613-8A13-9B786135C097}.Debug|Mixed Platforms.ActiveCfg = Debug|Any CPU
		{D7AAC6D1-35D7-4613-8A13-9B786135C097}.Debug|Mixed Platforms.Build.0 = Debug|Any CPU
		{D7AAC6D1-35D7-4613-8A13-9B786135C097}.Debug|Win32.ActiveCfg = Debug|Any CPU
		{D7AAC6D1-35D7-4613-8A13-9B786135C097}.Release|Any CPU.ActiveCfg = Release|Any CPU
		{D7AAC6D1-35D7-4613-8A13-9B786135C097}.Release|Any CPU.Build.0 = Release|Any CPU
		{D7AAC6D1-35D7-4613-8A13-9B786135C097}.Release|Mixed Platforms.ActiveCfg = Release|Any CPU
		{D7AAC6D1-35D7-4613-8A13-9B786135C097}.Release|Mixed Platforms.Build.0 = Release|Any CPU
		{D7AAC6D1-35D7-4613-8A13-9B786135C097}.Release|Win32.ActiveCfg = Release|Any CPU
		{357A3522-D209-4230-B38D-8FAB7EC0560D}.Debug|Any CPU.ActiveCfg = Debug|Any CPU
		{357A3522-D209-4230-B38D-8FAB7EC0560D}.Debug|Any CPU.Build.0 = Debug|Any CPU
		{357A3522-D209-4230-B38D-8FAB7EC0560D}.Debug|Mixed Platforms.ActiveCfg = Debug|Any CPU
		{357A3522-D209-4230-B38D-8FAB7EC0560D}.Debug|Mixed Platforms.Build.0 = Debug|Any CPU
		{357A3522-D209-4230-B38D-8FAB7EC0560D}.Debug|Win32.ActiveCfg = Debug|Any CPU
		{357A3522-D209-4230-B38D-8FAB7EC0560D}.Release|Any CPU.ActiveCfg = Release|Any CPU
		{357A3522-D209-4230-B38D-8FAB7EC0560D}.Release|Any CPU.Build.0 = Release|Any CPU
		{357A3522-D209-4230-B38D-8FAB7EC0560D}.Release|Mixed Platforms.ActiveCfg = Release|Any CPU
		{357A3522-D209-4230-B38D-8FAB7EC0560D}.Release|Mixed Platforms.Build.0 = Release|Any CPU
		{357A3522-D209-4230-B38D-8FAB7EC0560D}.Release|Win32.ActiveCfg = Release|Any CPU
	EndGlobalSection
	GlobalSection(SolutionProperties) = preSolution
		HideSolutionNode = FALSE
	EndGlobalSection
EndGlobal
