
Microsoft Visual Studio Solution File, Format Version 11.00
# Visual Studio 2010
Project("{FAE04EC0-301F-11D3-BF4B-00C04F79EFBC}") = "Vts.Desktop", "Vts.Desktop\Vts.Desktop.csproj", "{05B6020A-B646-4BBB-B9A0-B524F5F85023}"
EndProject
Project("{FAE04EC0-301F-11D3-BF4B-00C04F79EFBC}") = "Vts.Desktop.Test", "Vts.Desktop.Test\Vts.Desktop.Test.csproj", "{BA3C3229-E3D5-4B20-BB08-BC7DF0F4D91F}"
EndProject
Project("{FAE04EC0-301F-11D3-BF4B-00C04F79EFBC}") = "Vts.MonteCarlo.CommandLineApplication", "Vts.MonteCarlo.CommandLineApplication\Vts.MonteCarlo.CommandLineApplication.csproj", "{8E45BF42-5B0B-4AEF-9E63-B2966622FC23}"
EndProject
Project("{FAE04EC0-301F-11D3-BF4B-00C04F79EFBC}") = "Vts.MonteCarlo.CommandLineApplication.Test", "Vts.MonteCarlo.CommandLineApplication.Test\Vts.MonteCarlo.CommandLineApplication.Test.csproj", "{36DE9584-F033-4EC0-A18F-1AE60EE55754}"
EndProject
Project("{FAE04EC0-301F-11D3-BF4B-00C04F79EFBC}") = "Vts.MonteCarlo.PostProcessor", "Vts.MonteCarlo.PostProcessor\Vts.MonteCarlo.PostProcessor.csproj", "{169F5A43-1079-4E1F-87A2-C5E8E7A69BF9}"
EndProject
Project("{FAE04EC0-301F-11D3-BF4B-00C04F79EFBC}") = "Vts.MonteCarlo.PostProcessor.Test", "Vts.MonteCarlo.PostProcessor.Test\Vts.MonteCarlo.PostProcessor.Test.csproj", "{8A1194A0-C773-483B-BD78-9D013105CEA1}"
EndProject
Project("{FAE04EC0-301F-11D3-BF4B-00C04F79EFBC}") = "Vts.ImportSpectralData.Desktop", "Vts.ImportSpectralData.Desktop\Vts.ImportSpectralData.Desktop.csproj", "{B2B25DB9-0E34-455B-A717-37F1D179C867}"
EndProject
Global
	GlobalSection(SolutionConfigurationPlatforms) = preSolution
		Release %28White List Gui Deployment%29|Any CPU = Release %28White List Gui Deployment%29|Any CPU
		Debug|Any CPU = Debug|Any CPU
		Release|Any CPU = Release|Any CPU
	EndGlobalSection
	GlobalSection(ProjectConfigurationPlatforms) = postSolution
		{05B6020A-B646-4BBB-B9A0-B524F5F85023}.Debug|Any CPU.ActiveCfg = Debug|Any CPU
		{05B6020A-B646-4BBB-B9A0-B524F5F85023}.Debug|Any CPU.Build.0 = Debug|Any CPU
		{05B6020A-B646-4BBB-B9A0-B524F5F85023}.Release %28White List Gui Deployment%29|Any CPU.ActiveCfg = Release %28White List Gui Deployment%29|Any CPU
		{05B6020A-B646-4BBB-B9A0-B524F5F85023}.Release %28White List Gui Deployment%29|Any CPU.Build.0 = Release %28White List Gui Deployment%29|Any CPU
		{05B6020A-B646-4BBB-B9A0-B524F5F85023}.Release|Any CPU.ActiveCfg = Release|Any CPU
		{05B6020A-B646-4BBB-B9A0-B524F5F85023}.Release|Any CPU.Build.0 = Release|Any CPU
		{169F5A43-1079-4E1F-87A2-C5E8E7A69BF9}.Debug|Any CPU.ActiveCfg = Debug|Any CPU
		{169F5A43-1079-4E1F-87A2-C5E8E7A69BF9}.Debug|Any CPU.Build.0 = Debug|Any CPU
		{169F5A43-1079-4E1F-87A2-C5E8E7A69BF9}.Release %28White List Gui Deployment%29|Any CPU.ActiveCfg = Debug|Any CPU
		{169F5A43-1079-4E1F-87A2-C5E8E7A69BF9}.Release %28White List Gui Deployment%29|Any CPU.Build.0 = Debug|Any CPU
		{169F5A43-1079-4E1F-87A2-C5E8E7A69BF9}.Release|Any CPU.ActiveCfg = Release|Any CPU
		{169F5A43-1079-4E1F-87A2-C5E8E7A69BF9}.Release|Any CPU.Build.0 = Release|Any CPU
		{36DE9584-F033-4EC0-A18F-1AE60EE55754}.Debug|Any CPU.ActiveCfg = Debug|Any CPU
		{36DE9584-F033-4EC0-A18F-1AE60EE55754}.Debug|Any CPU.Build.0 = Debug|Any CPU
		{36DE9584-F033-4EC0-A18F-1AE60EE55754}.Release %28White List Gui Deployment%29|Any CPU.ActiveCfg = Debug|Any CPU
		{36DE9584-F033-4EC0-A18F-1AE60EE55754}.Release %28White List Gui Deployment%29|Any CPU.Build.0 = Debug|Any CPU
		{36DE9584-F033-4EC0-A18F-1AE60EE55754}.Release|Any CPU.ActiveCfg = Release|Any CPU
		{36DE9584-F033-4EC0-A18F-1AE60EE55754}.Release|Any CPU.Build.0 = Release|Any CPU
		{8A1194A0-C773-483B-BD78-9D013105CEA1}.Debug|Any CPU.ActiveCfg = Debug|Any CPU
		{8A1194A0-C773-483B-BD78-9D013105CEA1}.Debug|Any CPU.Build.0 = Debug|Any CPU
		{8A1194A0-C773-483B-BD78-9D013105CEA1}.Release %28White List Gui Deployment%29|Any CPU.ActiveCfg = Debug|Any CPU
		{8A1194A0-C773-483B-BD78-9D013105CEA1}.Release %28White List Gui Deployment%29|Any CPU.Build.0 = Debug|Any CPU
		{8A1194A0-C773-483B-BD78-9D013105CEA1}.Release|Any CPU.ActiveCfg = Release|Any CPU
		{8A1194A0-C773-483B-BD78-9D013105CEA1}.Release|Any CPU.Build.0 = Release|Any CPU
		{8E45BF42-5B0B-4AEF-9E63-B2966622FC23}.Debug|Any CPU.ActiveCfg = Debug|Any CPU
		{8E45BF42-5B0B-4AEF-9E63-B2966622FC23}.Debug|Any CPU.Build.0 = Debug|Any CPU
		{8E45BF42-5B0B-4AEF-9E63-B2966622FC23}.Release %28White List Gui Deployment%29|Any CPU.ActiveCfg = Release %28White List Gui Deployment%29|Any CPU
		{8E45BF42-5B0B-4AEF-9E63-B2966622FC23}.Release %28White List Gui Deployment%29|Any CPU.Build.0 = Release %28White List Gui Deployment%29|Any CPU
		{8E45BF42-5B0B-4AEF-9E63-B2966622FC23}.Release|Any CPU.ActiveCfg = Release|Any CPU
		{8E45BF42-5B0B-4AEF-9E63-B2966622FC23}.Release|Any CPU.Build.0 = Release|Any CPU
		{B2B25DB9-0E34-455B-A717-37F1D179C867}.Debug|Any CPU.ActiveCfg = Debug|Any CPU
		{B2B25DB9-0E34-455B-A717-37F1D179C867}.Debug|Any CPU.Build.0 = Debug|Any CPU
		{B2B25DB9-0E34-455B-A717-37F1D179C867}.Release %28White List Gui Deployment%29|Any CPU.ActiveCfg = Debug|Any CPU
		{B2B25DB9-0E34-455B-A717-37F1D179C867}.Release %28White List Gui Deployment%29|Any CPU.Build.0 = Debug|Any CPU
		{B2B25DB9-0E34-455B-A717-37F1D179C867}.Release|Any CPU.ActiveCfg = Release|Any CPU
		{B2B25DB9-0E34-455B-A717-37F1D179C867}.Release|Any CPU.Build.0 = Release|Any CPU
		{BA3C3229-E3D5-4B20-BB08-BC7DF0F4D91F}.Debug|Any CPU.ActiveCfg = Debug|Any CPU
		{BA3C3229-E3D5-4B20-BB08-BC7DF0F4D91F}.Debug|Any CPU.Build.0 = Debug|Any CPU
		{BA3C3229-E3D5-4B20-BB08-BC7DF0F4D91F}.Release %28White List Gui Deployment%29|Any CPU.ActiveCfg = Release %28White List Gui Deployment%29|Any CPU
		{BA3C3229-E3D5-4B20-BB08-BC7DF0F4D91F}.Release %28White List Gui Deployment%29|Any CPU.Build.0 = Release %28White List Gui Deployment%29|Any CPU
		{BA3C3229-E3D5-4B20-BB08-BC7DF0F4D91F}.Release|Any CPU.ActiveCfg = Release|Any CPU
		{BA3C3229-E3D5-4B20-BB08-BC7DF0F4D91F}.Release|Any CPU.Build.0 = Release|Any CPU
	EndGlobalSection
	GlobalSection(MonoDevelopProperties) = preSolution
		StartupItem = Vts.MonteCarlo.CommandLineApplication\Vts.MonteCarlo.CommandLineApplication.csproj
	EndGlobalSection
EndGlobal
