
Microsoft Visual Studio Solution File, Format Version 12.00
# Visual Studio 15
VisualStudioVersion = 15.0.28307.1000
MinimumVisualStudioVersion = 10.0.40219.1
Project("{FAE04EC0-301F-11D3-BF4B-00C04F79EFBC}") = "Vts.Desktop", "Vts.Desktop\Vts.Desktop.csproj", "{05B6020A-B646-4BBB-B9A0-B524F5F85023}"
EndProject
Project("{FAE04EC0-301F-11D3-BF4B-00C04F79EFBC}") = "Vts.Desktop.Test", "Vts.Desktop.Test\Vts.Desktop.Test.csproj", "{BA3C3229-E3D5-4B20-BB08-BC7DF0F4D91F}"
EndProject
Project("{FAE04EC0-301F-11D3-BF4B-00C04F79EFBC}") = "Vts.MonteCarlo.CommandLineApplication", "Vts.MonteCarlo.CommandLineApplication\Vts.MonteCarlo.CommandLineApplication.csproj", "{8E45BF42-5B0B-4AEF-9E63-B2966622FC23}"
EndProject
Project("{FAE04EC0-301F-11D3-BF4B-00C04F79EFBC}") = "Vts.MonteCarlo.CommandLineApplication.Test", "Vts.MonteCarlo.CommandLineApplication.Test\Vts.MonteCarlo.CommandLineApplication.Test.csproj", "{36DE9584-F033-4EC0-A18F-1AE60EE55754}"
EndProject
Project("{FAE04EC0-301F-11D3-BF4B-00C04F79EFBC}") = "Vts.MonteCarlo.PostProcessor", "Vts.MonteCarlo.PostProcessor\Vts.MonteCarlo.PostProcessor.csproj", "{169F5A43-1079-4E1F-87A2-C5E8E7A69BF9}"
EndProject
Project("{FAE04EC0-301F-11D3-BF4B-00C04F79EFBC}") = "Vts.MonteCarlo.PostProcessor.Test", "Vts.MonteCarlo.PostProcessor.Test\Vts.MonteCarlo.PostProcessor.Test.csproj", "{8A1194A0-C773-483B-BD78-9D013105CEA1}"
EndProject
Global
	GlobalSection(SolutionConfigurationPlatforms) = preSolution
		Debug|Any CPU = Debug|Any CPU
		Release|Any CPU = Release|Any CPU
	EndGlobalSection
	GlobalSection(ProjectConfigurationPlatforms) = postSolution
		{05B6020A-B646-4BBB-B9A0-B524F5F85023}.Debug|Any CPU.ActiveCfg = Debug|Any CPU
		{05B6020A-B646-4BBB-B9A0-B524F5F85023}.Debug|Any CPU.Build.0 = Debug|Any CPU
		{05B6020A-B646-4BBB-B9A0-B524F5F85023}.Release|Any CPU.ActiveCfg = Release|Any CPU
		{05B6020A-B646-4BBB-B9A0-B524F5F85023}.Release|Any CPU.Build.0 = Release|Any CPU
		{BA3C3229-E3D5-4B20-BB08-BC7DF0F4D91F}.Debug|Any CPU.ActiveCfg = Debug|Any CPU
		{BA3C3229-E3D5-4B20-BB08-BC7DF0F4D91F}.Debug|Any CPU.Build.0 = Debug|Any CPU
		{BA3C3229-E3D5-4B20-BB08-BC7DF0F4D91F}.Release|Any CPU.ActiveCfg = Release|Any CPU
		{BA3C3229-E3D5-4B20-BB08-BC7DF0F4D91F}.Release|Any CPU.Build.0 = Release|Any CPU
		{8E45BF42-5B0B-4AEF-9E63-B2966622FC23}.Debug|Any CPU.ActiveCfg = Debug|Any CPU
		{8E45BF42-5B0B-4AEF-9E63-B2966622FC23}.Debug|Any CPU.Build.0 = Debug|Any CPU
		{8E45BF42-5B0B-4AEF-9E63-B2966622FC23}.Release|Any CPU.ActiveCfg = Release|Any CPU
		{8E45BF42-5B0B-4AEF-9E63-B2966622FC23}.Release|Any CPU.Build.0 = Release|Any CPU
		{36DE9584-F033-4EC0-A18F-1AE60EE55754}.Debug|Any CPU.ActiveCfg = Debug|Any CPU
		{36DE9584-F033-4EC0-A18F-1AE60EE55754}.Debug|Any CPU.Build.0 = Debug|Any CPU
		{36DE9584-F033-4EC0-A18F-1AE60EE55754}.Release|Any CPU.ActiveCfg = Release|Any CPU
		{36DE9584-F033-4EC0-A18F-1AE60EE55754}.Release|Any CPU.Build.0 = Release|Any CPU
		{169F5A43-1079-4E1F-87A2-C5E8E7A69BF9}.Debug|Any CPU.ActiveCfg = Debug|Any CPU
		{169F5A43-1079-4E1F-87A2-C5E8E7A69BF9}.Debug|Any CPU.Build.0 = Debug|Any CPU
		{169F5A43-1079-4E1F-87A2-C5E8E7A69BF9}.Release|Any CPU.ActiveCfg = Release|Any CPU
		{169F5A43-1079-4E1F-87A2-C5E8E7A69BF9}.Release|Any CPU.Build.0 = Release|Any CPU
		{8A1194A0-C773-483B-BD78-9D013105CEA1}.Debug|Any CPU.ActiveCfg = Debug|Any CPU
		{8A1194A0-C773-483B-BD78-9D013105CEA1}.Debug|Any CPU.Build.0 = Debug|Any CPU
		{8A1194A0-C773-483B-BD78-9D013105CEA1}.Release|Any CPU.ActiveCfg = Release|Any CPU
		{8A1194A0-C773-483B-BD78-9D013105CEA1}.Release|Any CPU.Build.0 = Release|Any CPU
	EndGlobalSection
	GlobalSection(SolutionProperties) = preSolution
		HideSolutionNode = FALSE
	EndGlobalSection
	GlobalSection(ExtensibilityGlobals) = postSolution
		SolutionGuid = {16B1307A-F2F4-41DF-B89D-0A8E9441BDBA}
	EndGlobalSection
	GlobalSection(MonoDevelopProperties) = preSolution
		StartupItem = Vts.MonteCarlo.CommandLineApplication\Vts.MonteCarlo.CommandLineApplication.csproj
	EndGlobalSection
EndGlobal
