
Microsoft Visual Studio Solution File, Format Version 12.00
# Visual Studio Version 17
VisualStudioVersion = 17.4.33122.133
MinimumVisualStudioVersion = 10.0.40219.1
Project("{2150E333-8FDC-42A3-9474-1A3956D46DE8}") = "core", "core", "{E87433B1-D691-4D36-BB6B-3B766192CC8E}"
EndProject
Project("{2150E333-8FDC-42A3-9474-1A3956D46DE8}") = "apps", "apps", "{D6A3DE7A-7E93-4932-AA8F-C612FD97830E}"
EndProject
Project("{2150E333-8FDC-42A3-9474-1A3956D46DE8}") = "tests", "tests", "{920000AB-D955-4399-AD00-78523C740E2A}"
EndProject
Project("{9A19103F-16F7-4668-BE54-9A1E7A4F7556}") = "Vts.MonteCarlo.CommandLineApplication", "Vts.MonteCarlo.CommandLineApplication\Vts.MonteCarlo.CommandLineApplication.csproj", "{8E45BF42-5B0B-4AEF-9E63-B2966622FC23}"
EndProject
Project("{9A19103F-16F7-4668-BE54-9A1E7A4F7556}") = "Vts", "Vts\Vts.csproj", "{DBF062BD-84EE-4ADF-ADB7-A27B10EAB13F}"
EndProject
Project("{9A19103F-16F7-4668-BE54-9A1E7A4F7556}") = "Vts.Test", "Vts.Test\Vts.Test.csproj", "{2C5074CA-FBA8-46F1-A430-5437D67B63E5}"
EndProject
Project("{9A19103F-16F7-4668-BE54-9A1E7A4F7556}") = "Vts.MonteCarlo.PostProcessor", "Vts.MonteCarlo.PostProcessor\Vts.MonteCarlo.PostProcessor.csproj", "{169F5A43-1079-4E1F-87A2-C5E8E7A69BF9}"
EndProject
Project("{9A19103F-16F7-4668-BE54-9A1E7A4F7556}") = "Vts.MonteCarlo.CommandLineApplication.Test", "Vts.MonteCarlo.CommandLineApplication.Test\Vts.MonteCarlo.CommandLineApplication.Test.csproj", "{36DE9584-F033-4EC0-A18F-1AE60EE55754}"
EndProject
Project("{9A19103F-16F7-4668-BE54-9A1E7A4F7556}") = "Vts.MonteCarlo.PostProcessor.Test", "Vts.MonteCarlo.PostProcessor.Test\Vts.MonteCarlo.PostProcessor.Test.csproj", "{8A1194A0-C773-483B-BD78-9D013105CEA1}"
EndProject
Project("{9A19103F-16F7-4668-BE54-9A1E7A4F7556}") = "Vts.Benchmark", "Vts.Benchmark\Vts.Benchmark.csproj", "{3B0676C4-5CF1-4A0B-97E4-0CDF2B035702}"
EndProject
Project("{9A19103F-16F7-4668-BE54-9A1E7A4F7556}") = "Vts.Mgrte.Console", "Vts.Mgrte.Console\Vts.Mgrte.Console.csproj", "{197229DB-8CEC-48DD-A953-FBC58D1A3EBC}"
EndProject
Project("{9A19103F-16F7-4668-BE54-9A1E7A4F7556}") = "Vts.FemModeling", "Vts.FemModeling\Vts.FemModeling.csproj", "{6BA37669-7BA8-4FF2-911A-0E70EECD450B}"
EndProject
Project("{9A19103F-16F7-4668-BE54-9A1E7A4F7556}") = "Vts.MonteCarlo.ZemaxDatabaseConverter", "Vts.MonteCarlo.ZemaxDatabaseConverter\Vts.MonteCarlo.ZemaxDatabaseConverter.csproj", "{1A79D2A0-0171-4D3D-92D8-57ED68743A94}"
EndProject
Project("{9A19103F-16F7-4668-BE54-9A1E7A4F7556}") = "Vts.MonteCarlo.ZemaxDatabaseConverter.Test", "Vts.MonteCarlo.ZemaxDatabaseConverter.Test\Vts.MonteCarlo.ZemaxDatabaseConverter.Test.csproj", "{C476D49D-1764-44EF-865D-2E479D7A3A89}"
EndProject
Project("{9A19103F-16F7-4668-BE54-9A1E7A4F7556}") = "Vts.Zemax.Test", "Vts.Zemax.Test\Vts.Zemax.Test.csproj", "{FC824002-2910-43DE-8633-70B1707469FC}"
EndProject
Project("{9A19103F-16F7-4668-BE54-9A1E7A4F7556}") = "Vts.Zemax", "Vts.Zemax\Vts.Zemax.csproj", "{0C84DEAC-046E-4BF3-AB91-AB37AAE6DC0F}"
EndProject
Project("{9A19103F-16F7-4668-BE54-9A1E7A4F7556}") = "Vts.Scripting", "Vts.Scripting\Vts.Scripting.csproj", "{2F4FEE64-9215-4B6C-8180-3C9C02BE7C07}"
EndProject
Project("{9A19103F-16F7-4668-BE54-9A1E7A4F7556}") = "Vts.Scripting.Test", "Vts.Scripting.Test\Vts.Scripting.Test.csproj", "{529AE3EE-28AF-4C0F-8D07-DC89833128DA}"
EndProject
Global
	GlobalSection(SolutionConfigurationPlatforms) = preSolution
		Benchmark|Any CPU = Benchmark|Any CPU
		Benchmark|Mixed Platforms = Benchmark|Mixed Platforms
		Benchmark|Win32 = Benchmark|Win32
		Benchmark|x86 = Benchmark|x86
		Debug|Any CPU = Debug|Any CPU
		Debug|Mixed Platforms = Debug|Mixed Platforms
		Debug|Win32 = Debug|Win32
		Debug|x86 = Debug|x86
		Release|Any CPU = Release|Any CPU
		Release|Mixed Platforms = Release|Mixed Platforms
		Release|Win32 = Release|Win32
		Release|x86 = Release|x86
		ReleaseWhiteList|Any CPU = ReleaseWhiteList|Any CPU
		ReleaseWhiteList|Mixed Platforms = ReleaseWhiteList|Mixed Platforms
		ReleaseWhiteList|Win32 = ReleaseWhiteList|Win32
		ReleaseWhiteList|x86 = ReleaseWhiteList|x86
	EndGlobalSection
	GlobalSection(ProjectConfigurationPlatforms) = postSolution
		{8E45BF42-5B0B-4AEF-9E63-B2966622FC23}.Benchmark|Any CPU.ActiveCfg = Release|Any CPU
		{8E45BF42-5B0B-4AEF-9E63-B2966622FC23}.Benchmark|Any CPU.Build.0 = Release|Any CPU
		{8E45BF42-5B0B-4AEF-9E63-B2966622FC23}.Benchmark|Mixed Platforms.ActiveCfg = Release|Any CPU
		{8E45BF42-5B0B-4AEF-9E63-B2966622FC23}.Benchmark|Mixed Platforms.Build.0 = Release|Any CPU
		{8E45BF42-5B0B-4AEF-9E63-B2966622FC23}.Benchmark|Win32.ActiveCfg = Release|Any CPU
		{8E45BF42-5B0B-4AEF-9E63-B2966622FC23}.Benchmark|Win32.Build.0 = Release|Any CPU
		{8E45BF42-5B0B-4AEF-9E63-B2966622FC23}.Benchmark|x86.ActiveCfg = Release|Any CPU
		{8E45BF42-5B0B-4AEF-9E63-B2966622FC23}.Debug|Any CPU.ActiveCfg = Debug|Any CPU
		{8E45BF42-5B0B-4AEF-9E63-B2966622FC23}.Debug|Any CPU.Build.0 = Debug|Any CPU
		{8E45BF42-5B0B-4AEF-9E63-B2966622FC23}.Debug|Mixed Platforms.ActiveCfg = Debug|Any CPU
		{8E45BF42-5B0B-4AEF-9E63-B2966622FC23}.Debug|Mixed Platforms.Build.0 = Debug|Any CPU
		{8E45BF42-5B0B-4AEF-9E63-B2966622FC23}.Debug|Win32.ActiveCfg = Debug|Any CPU
		{8E45BF42-5B0B-4AEF-9E63-B2966622FC23}.Debug|Win32.Build.0 = Debug|Any CPU
		{8E45BF42-5B0B-4AEF-9E63-B2966622FC23}.Debug|x86.ActiveCfg = Debug|Any CPU
		{8E45BF42-5B0B-4AEF-9E63-B2966622FC23}.Release|Any CPU.ActiveCfg = Release|Any CPU
		{8E45BF42-5B0B-4AEF-9E63-B2966622FC23}.Release|Any CPU.Build.0 = Release|Any CPU
		{8E45BF42-5B0B-4AEF-9E63-B2966622FC23}.Release|Mixed Platforms.ActiveCfg = Release|Any CPU
		{8E45BF42-5B0B-4AEF-9E63-B2966622FC23}.Release|Mixed Platforms.Build.0 = Release|Any CPU
		{8E45BF42-5B0B-4AEF-9E63-B2966622FC23}.Release|Win32.ActiveCfg = Release|Any CPU
		{8E45BF42-5B0B-4AEF-9E63-B2966622FC23}.Release|Win32.Build.0 = Release|Any CPU
		{8E45BF42-5B0B-4AEF-9E63-B2966622FC23}.Release|x86.ActiveCfg = Release|Any CPU
		{8E45BF42-5B0B-4AEF-9E63-B2966622FC23}.ReleaseWhiteList|Any CPU.ActiveCfg = Release|Any CPU
		{8E45BF42-5B0B-4AEF-9E63-B2966622FC23}.ReleaseWhiteList|Mixed Platforms.ActiveCfg = Release|Any CPU
		{8E45BF42-5B0B-4AEF-9E63-B2966622FC23}.ReleaseWhiteList|Mixed Platforms.Build.0 = Release|Any CPU
		{8E45BF42-5B0B-4AEF-9E63-B2966622FC23}.ReleaseWhiteList|Win32.ActiveCfg = Release|Any CPU
		{8E45BF42-5B0B-4AEF-9E63-B2966622FC23}.ReleaseWhiteList|x86.ActiveCfg = Release|Any CPU
		{DBF062BD-84EE-4ADF-ADB7-A27B10EAB13F}.Benchmark|Any CPU.ActiveCfg = Release|Any CPU
		{DBF062BD-84EE-4ADF-ADB7-A27B10EAB13F}.Benchmark|Mixed Platforms.ActiveCfg = Benchmark|Any CPU
		{DBF062BD-84EE-4ADF-ADB7-A27B10EAB13F}.Benchmark|Mixed Platforms.Build.0 = Benchmark|Any CPU
		{DBF062BD-84EE-4ADF-ADB7-A27B10EAB13F}.Benchmark|Win32.ActiveCfg = Release|Any CPU
		{DBF062BD-84EE-4ADF-ADB7-A27B10EAB13F}.Benchmark|x86.ActiveCfg = Release|Any CPU
		{DBF062BD-84EE-4ADF-ADB7-A27B10EAB13F}.Debug|Any CPU.ActiveCfg = Debug|Any CPU
		{DBF062BD-84EE-4ADF-ADB7-A27B10EAB13F}.Debug|Any CPU.Build.0 = Debug|Any CPU
		{DBF062BD-84EE-4ADF-ADB7-A27B10EAB13F}.Debug|Mixed Platforms.ActiveCfg = Debug|Any CPU
		{DBF062BD-84EE-4ADF-ADB7-A27B10EAB13F}.Debug|Mixed Platforms.Build.0 = Debug|Any CPU
		{DBF062BD-84EE-4ADF-ADB7-A27B10EAB13F}.Debug|Win32.ActiveCfg = Debug|Any CPU
		{DBF062BD-84EE-4ADF-ADB7-A27B10EAB13F}.Debug|Win32.Build.0 = Debug|Any CPU
		{DBF062BD-84EE-4ADF-ADB7-A27B10EAB13F}.Debug|x86.ActiveCfg = Debug|Any CPU
		{DBF062BD-84EE-4ADF-ADB7-A27B10EAB13F}.Release|Any CPU.ActiveCfg = Release|Any CPU
		{DBF062BD-84EE-4ADF-ADB7-A27B10EAB13F}.Release|Mixed Platforms.ActiveCfg = Release|Any CPU
		{DBF062BD-84EE-4ADF-ADB7-A27B10EAB13F}.Release|Mixed Platforms.Build.0 = Release|Any CPU
		{DBF062BD-84EE-4ADF-ADB7-A27B10EAB13F}.Release|Win32.ActiveCfg = Release|Any CPU
		{DBF062BD-84EE-4ADF-ADB7-A27B10EAB13F}.Release|x86.ActiveCfg = Release|Any CPU
		{DBF062BD-84EE-4ADF-ADB7-A27B10EAB13F}.ReleaseWhiteList|Any CPU.ActiveCfg = Release|Any CPU
		{DBF062BD-84EE-4ADF-ADB7-A27B10EAB13F}.ReleaseWhiteList|Mixed Platforms.ActiveCfg = Release|Any CPU
		{DBF062BD-84EE-4ADF-ADB7-A27B10EAB13F}.ReleaseWhiteList|Mixed Platforms.Build.0 = Release|Any CPU
		{DBF062BD-84EE-4ADF-ADB7-A27B10EAB13F}.ReleaseWhiteList|Win32.ActiveCfg = Release|Any CPU
		{DBF062BD-84EE-4ADF-ADB7-A27B10EAB13F}.ReleaseWhiteList|x86.ActiveCfg = Release|Any CPU
		{2C5074CA-FBA8-46F1-A430-5437D67B63E5}.Benchmark|Any CPU.ActiveCfg = Release|Any CPU
		{2C5074CA-FBA8-46F1-A430-5437D67B63E5}.Benchmark|Any CPU.Build.0 = Release|Any CPU
		{2C5074CA-FBA8-46F1-A430-5437D67B63E5}.Benchmark|Mixed Platforms.ActiveCfg = Release|Any CPU
		{2C5074CA-FBA8-46F1-A430-5437D67B63E5}.Benchmark|Mixed Platforms.Build.0 = Release|Any CPU
		{2C5074CA-FBA8-46F1-A430-5437D67B63E5}.Benchmark|Win32.ActiveCfg = Release|Any CPU
		{2C5074CA-FBA8-46F1-A430-5437D67B63E5}.Benchmark|x86.ActiveCfg = Release|Any CPU
		{2C5074CA-FBA8-46F1-A430-5437D67B63E5}.Debug|Any CPU.ActiveCfg = Debug|Any CPU
		{2C5074CA-FBA8-46F1-A430-5437D67B63E5}.Debug|Any CPU.Build.0 = Debug|Any CPU
		{2C5074CA-FBA8-46F1-A430-5437D67B63E5}.Debug|Mixed Platforms.ActiveCfg = Debug|Any CPU
		{2C5074CA-FBA8-46F1-A430-5437D67B63E5}.Debug|Mixed Platforms.Build.0 = Debug|Any CPU
		{2C5074CA-FBA8-46F1-A430-5437D67B63E5}.Debug|Win32.ActiveCfg = Debug|Any CPU
		{2C5074CA-FBA8-46F1-A430-5437D67B63E5}.Debug|Win32.Build.0 = Debug|Any CPU
		{2C5074CA-FBA8-46F1-A430-5437D67B63E5}.Debug|x86.ActiveCfg = Debug|Any CPU
		{2C5074CA-FBA8-46F1-A430-5437D67B63E5}.Release|Any CPU.ActiveCfg = Release|Any CPU
		{2C5074CA-FBA8-46F1-A430-5437D67B63E5}.Release|Any CPU.Build.0 = Release|Any CPU
		{2C5074CA-FBA8-46F1-A430-5437D67B63E5}.Release|Mixed Platforms.ActiveCfg = Release|Any CPU
		{2C5074CA-FBA8-46F1-A430-5437D67B63E5}.Release|Mixed Platforms.Build.0 = Release|Any CPU
		{2C5074CA-FBA8-46F1-A430-5437D67B63E5}.Release|Win32.ActiveCfg = Release|Any CPU
		{2C5074CA-FBA8-46F1-A430-5437D67B63E5}.Release|x86.ActiveCfg = Release|Any CPU
		{2C5074CA-FBA8-46F1-A430-5437D67B63E5}.ReleaseWhiteList|Any CPU.ActiveCfg = Release|Any CPU
		{2C5074CA-FBA8-46F1-A430-5437D67B63E5}.ReleaseWhiteList|Any CPU.Build.0 = Release|Any CPU
		{2C5074CA-FBA8-46F1-A430-5437D67B63E5}.ReleaseWhiteList|Mixed Platforms.ActiveCfg = Release|Any CPU
		{2C5074CA-FBA8-46F1-A430-5437D67B63E5}.ReleaseWhiteList|Mixed Platforms.Build.0 = Release|Any CPU
		{2C5074CA-FBA8-46F1-A430-5437D67B63E5}.ReleaseWhiteList|Win32.ActiveCfg = Release|Any CPU
		{2C5074CA-FBA8-46F1-A430-5437D67B63E5}.ReleaseWhiteList|x86.ActiveCfg = Release|Any CPU
		{169F5A43-1079-4E1F-87A2-C5E8E7A69BF9}.Benchmark|Any CPU.ActiveCfg = Release|Any CPU
		{169F5A43-1079-4E1F-87A2-C5E8E7A69BF9}.Benchmark|Any CPU.Build.0 = Release|Any CPU
		{169F5A43-1079-4E1F-87A2-C5E8E7A69BF9}.Benchmark|Mixed Platforms.ActiveCfg = Release|Any CPU
		{169F5A43-1079-4E1F-87A2-C5E8E7A69BF9}.Benchmark|Mixed Platforms.Build.0 = Release|Any CPU
		{169F5A43-1079-4E1F-87A2-C5E8E7A69BF9}.Benchmark|Win32.ActiveCfg = Release|Any CPU
		{169F5A43-1079-4E1F-87A2-C5E8E7A69BF9}.Benchmark|x86.ActiveCfg = Release|Any CPU
		{169F5A43-1079-4E1F-87A2-C5E8E7A69BF9}.Debug|Any CPU.ActiveCfg = Debug|Any CPU
		{169F5A43-1079-4E1F-87A2-C5E8E7A69BF9}.Debug|Any CPU.Build.0 = Debug|Any CPU
		{169F5A43-1079-4E1F-87A2-C5E8E7A69BF9}.Debug|Mixed Platforms.ActiveCfg = Debug|Any CPU
		{169F5A43-1079-4E1F-87A2-C5E8E7A69BF9}.Debug|Mixed Platforms.Build.0 = Debug|Any CPU
		{169F5A43-1079-4E1F-87A2-C5E8E7A69BF9}.Debug|Win32.ActiveCfg = Debug|Any CPU
		{169F5A43-1079-4E1F-87A2-C5E8E7A69BF9}.Debug|x86.ActiveCfg = Debug|Any CPU
		{169F5A43-1079-4E1F-87A2-C5E8E7A69BF9}.Release|Any CPU.ActiveCfg = Release|Any CPU
		{169F5A43-1079-4E1F-87A2-C5E8E7A69BF9}.Release|Any CPU.Build.0 = Release|Any CPU
		{169F5A43-1079-4E1F-87A2-C5E8E7A69BF9}.Release|Mixed Platforms.ActiveCfg = Release|Any CPU
		{169F5A43-1079-4E1F-87A2-C5E8E7A69BF9}.Release|Mixed Platforms.Build.0 = Release|Any CPU
		{169F5A43-1079-4E1F-87A2-C5E8E7A69BF9}.Release|Win32.ActiveCfg = Release|Any CPU
		{169F5A43-1079-4E1F-87A2-C5E8E7A69BF9}.Release|x86.ActiveCfg = Release|Any CPU
		{169F5A43-1079-4E1F-87A2-C5E8E7A69BF9}.ReleaseWhiteList|Any CPU.ActiveCfg = Release|Any CPU
		{169F5A43-1079-4E1F-87A2-C5E8E7A69BF9}.ReleaseWhiteList|Mixed Platforms.ActiveCfg = Release|Any CPU
		{169F5A43-1079-4E1F-87A2-C5E8E7A69BF9}.ReleaseWhiteList|Mixed Platforms.Build.0 = Release|Any CPU
		{169F5A43-1079-4E1F-87A2-C5E8E7A69BF9}.ReleaseWhiteList|Win32.ActiveCfg = Release|Any CPU
		{169F5A43-1079-4E1F-87A2-C5E8E7A69BF9}.ReleaseWhiteList|x86.ActiveCfg = Release|Any CPU
		{36DE9584-F033-4EC0-A18F-1AE60EE55754}.Benchmark|Any CPU.ActiveCfg = Release|Any CPU
		{36DE9584-F033-4EC0-A18F-1AE60EE55754}.Benchmark|Any CPU.Build.0 = Release|Any CPU
		{36DE9584-F033-4EC0-A18F-1AE60EE55754}.Benchmark|Mixed Platforms.ActiveCfg = Release|Any CPU
		{36DE9584-F033-4EC0-A18F-1AE60EE55754}.Benchmark|Mixed Platforms.Build.0 = Release|Any CPU
		{36DE9584-F033-4EC0-A18F-1AE60EE55754}.Benchmark|Win32.ActiveCfg = Release|Any CPU
		{36DE9584-F033-4EC0-A18F-1AE60EE55754}.Benchmark|x86.ActiveCfg = Release|Any CPU
		{36DE9584-F033-4EC0-A18F-1AE60EE55754}.Debug|Any CPU.ActiveCfg = Debug|Any CPU
		{36DE9584-F033-4EC0-A18F-1AE60EE55754}.Debug|Any CPU.Build.0 = Debug|Any CPU
		{36DE9584-F033-4EC0-A18F-1AE60EE55754}.Debug|Mixed Platforms.ActiveCfg = Debug|Any CPU
		{36DE9584-F033-4EC0-A18F-1AE60EE55754}.Debug|Mixed Platforms.Build.0 = Debug|Any CPU
		{36DE9584-F033-4EC0-A18F-1AE60EE55754}.Debug|Win32.ActiveCfg = Debug|Any CPU
		{36DE9584-F033-4EC0-A18F-1AE60EE55754}.Debug|x86.ActiveCfg = Debug|Any CPU
		{36DE9584-F033-4EC0-A18F-1AE60EE55754}.Release|Any CPU.ActiveCfg = Release|Any CPU
		{36DE9584-F033-4EC0-A18F-1AE60EE55754}.Release|Any CPU.Build.0 = Release|Any CPU
		{36DE9584-F033-4EC0-A18F-1AE60EE55754}.Release|Mixed Platforms.ActiveCfg = Release|Any CPU
		{36DE9584-F033-4EC0-A18F-1AE60EE55754}.Release|Mixed Platforms.Build.0 = Release|Any CPU
		{36DE9584-F033-4EC0-A18F-1AE60EE55754}.Release|Win32.ActiveCfg = Release|Any CPU
		{36DE9584-F033-4EC0-A18F-1AE60EE55754}.Release|x86.ActiveCfg = Release|Any CPU
		{36DE9584-F033-4EC0-A18F-1AE60EE55754}.ReleaseWhiteList|Any CPU.ActiveCfg = Release|Any CPU
		{36DE9584-F033-4EC0-A18F-1AE60EE55754}.ReleaseWhiteList|Mixed Platforms.ActiveCfg = Release|Any CPU
		{36DE9584-F033-4EC0-A18F-1AE60EE55754}.ReleaseWhiteList|Mixed Platforms.Build.0 = Release|Any CPU
		{36DE9584-F033-4EC0-A18F-1AE60EE55754}.ReleaseWhiteList|Win32.ActiveCfg = Release|Any CPU
		{36DE9584-F033-4EC0-A18F-1AE60EE55754}.ReleaseWhiteList|x86.ActiveCfg = Release|Any CPU
		{8A1194A0-C773-483B-BD78-9D013105CEA1}.Benchmark|Any CPU.ActiveCfg = Release|Any CPU
		{8A1194A0-C773-483B-BD78-9D013105CEA1}.Benchmark|Any CPU.Build.0 = Release|Any CPU
		{8A1194A0-C773-483B-BD78-9D013105CEA1}.Benchmark|Mixed Platforms.ActiveCfg = Release|Any CPU
		{8A1194A0-C773-483B-BD78-9D013105CEA1}.Benchmark|Mixed Platforms.Build.0 = Release|Any CPU
		{8A1194A0-C773-483B-BD78-9D013105CEA1}.Benchmark|Win32.ActiveCfg = Release|Any CPU
		{8A1194A0-C773-483B-BD78-9D013105CEA1}.Benchmark|x86.ActiveCfg = Release|Any CPU
		{8A1194A0-C773-483B-BD78-9D013105CEA1}.Debug|Any CPU.ActiveCfg = Debug|Any CPU
		{8A1194A0-C773-483B-BD78-9D013105CEA1}.Debug|Any CPU.Build.0 = Debug|Any CPU
		{8A1194A0-C773-483B-BD78-9D013105CEA1}.Debug|Mixed Platforms.ActiveCfg = Debug|Any CPU
		{8A1194A0-C773-483B-BD78-9D013105CEA1}.Debug|Mixed Platforms.Build.0 = Debug|Any CPU
		{8A1194A0-C773-483B-BD78-9D013105CEA1}.Debug|Win32.ActiveCfg = Debug|Any CPU
		{8A1194A0-C773-483B-BD78-9D013105CEA1}.Debug|x86.ActiveCfg = Debug|Any CPU
		{8A1194A0-C773-483B-BD78-9D013105CEA1}.Release|Any CPU.ActiveCfg = Release|Any CPU
		{8A1194A0-C773-483B-BD78-9D013105CEA1}.Release|Any CPU.Build.0 = Release|Any CPU
		{8A1194A0-C773-483B-BD78-9D013105CEA1}.Release|Mixed Platforms.ActiveCfg = Release|Any CPU
		{8A1194A0-C773-483B-BD78-9D013105CEA1}.Release|Mixed Platforms.Build.0 = Release|Any CPU
		{8A1194A0-C773-483B-BD78-9D013105CEA1}.Release|Win32.ActiveCfg = Release|Any CPU
		{8A1194A0-C773-483B-BD78-9D013105CEA1}.Release|x86.ActiveCfg = Release|Any CPU
		{8A1194A0-C773-483B-BD78-9D013105CEA1}.ReleaseWhiteList|Any CPU.ActiveCfg = Release|Any CPU
		{8A1194A0-C773-483B-BD78-9D013105CEA1}.ReleaseWhiteList|Mixed Platforms.ActiveCfg = Release|Any CPU
		{8A1194A0-C773-483B-BD78-9D013105CEA1}.ReleaseWhiteList|Mixed Platforms.Build.0 = Release|Any CPU
		{8A1194A0-C773-483B-BD78-9D013105CEA1}.ReleaseWhiteList|Win32.ActiveCfg = Release|Any CPU
		{8A1194A0-C773-483B-BD78-9D013105CEA1}.ReleaseWhiteList|x86.ActiveCfg = Release|Any CPU
		{3B0676C4-5CF1-4A0B-97E4-0CDF2B035702}.Benchmark|Any CPU.ActiveCfg = Release|Any CPU
		{3B0676C4-5CF1-4A0B-97E4-0CDF2B035702}.Benchmark|Any CPU.Build.0 = Release|Any CPU
		{3B0676C4-5CF1-4A0B-97E4-0CDF2B035702}.Benchmark|Mixed Platforms.ActiveCfg = Release|Any CPU
		{3B0676C4-5CF1-4A0B-97E4-0CDF2B035702}.Benchmark|Mixed Platforms.Build.0 = Release|Any CPU
		{3B0676C4-5CF1-4A0B-97E4-0CDF2B035702}.Benchmark|Win32.ActiveCfg = Release|Any CPU
		{3B0676C4-5CF1-4A0B-97E4-0CDF2B035702}.Benchmark|Win32.Build.0 = Release|Any CPU
		{3B0676C4-5CF1-4A0B-97E4-0CDF2B035702}.Benchmark|x86.ActiveCfg = Release|Any CPU
		{3B0676C4-5CF1-4A0B-97E4-0CDF2B035702}.Benchmark|x86.Build.0 = Release|Any CPU
		{3B0676C4-5CF1-4A0B-97E4-0CDF2B035702}.Debug|Any CPU.ActiveCfg = Debug|Any CPU
		{3B0676C4-5CF1-4A0B-97E4-0CDF2B035702}.Debug|Any CPU.Build.0 = Debug|Any CPU
		{3B0676C4-5CF1-4A0B-97E4-0CDF2B035702}.Debug|Mixed Platforms.ActiveCfg = Debug|Any CPU
		{3B0676C4-5CF1-4A0B-97E4-0CDF2B035702}.Debug|Mixed Platforms.Build.0 = Debug|Any CPU
		{3B0676C4-5CF1-4A0B-97E4-0CDF2B035702}.Debug|Win32.ActiveCfg = Debug|Any CPU
		{3B0676C4-5CF1-4A0B-97E4-0CDF2B035702}.Debug|Win32.Build.0 = Debug|Any CPU
		{3B0676C4-5CF1-4A0B-97E4-0CDF2B035702}.Debug|x86.ActiveCfg = Debug|Any CPU
		{3B0676C4-5CF1-4A0B-97E4-0CDF2B035702}.Debug|x86.Build.0 = Debug|Any CPU
		{3B0676C4-5CF1-4A0B-97E4-0CDF2B035702}.Release|Any CPU.ActiveCfg = Release|Any CPU
		{3B0676C4-5CF1-4A0B-97E4-0CDF2B035702}.Release|Any CPU.Build.0 = Release|Any CPU
		{3B0676C4-5CF1-4A0B-97E4-0CDF2B035702}.Release|Mixed Platforms.ActiveCfg = Release|Any CPU
		{3B0676C4-5CF1-4A0B-97E4-0CDF2B035702}.Release|Mixed Platforms.Build.0 = Release|Any CPU
		{3B0676C4-5CF1-4A0B-97E4-0CDF2B035702}.Release|Win32.ActiveCfg = Release|Any CPU
		{3B0676C4-5CF1-4A0B-97E4-0CDF2B035702}.Release|Win32.Build.0 = Release|Any CPU
		{3B0676C4-5CF1-4A0B-97E4-0CDF2B035702}.Release|x86.ActiveCfg = Release|Any CPU
		{3B0676C4-5CF1-4A0B-97E4-0CDF2B035702}.Release|x86.Build.0 = Release|Any CPU
		{3B0676C4-5CF1-4A0B-97E4-0CDF2B035702}.ReleaseWhiteList|Any CPU.ActiveCfg = Release|Any CPU
		{3B0676C4-5CF1-4A0B-97E4-0CDF2B035702}.ReleaseWhiteList|Any CPU.Build.0 = Release|Any CPU
		{3B0676C4-5CF1-4A0B-97E4-0CDF2B035702}.ReleaseWhiteList|Mixed Platforms.ActiveCfg = Release|Any CPU
		{3B0676C4-5CF1-4A0B-97E4-0CDF2B035702}.ReleaseWhiteList|Mixed Platforms.Build.0 = Release|Any CPU
		{3B0676C4-5CF1-4A0B-97E4-0CDF2B035702}.ReleaseWhiteList|Win32.ActiveCfg = Release|Any CPU
		{3B0676C4-5CF1-4A0B-97E4-0CDF2B035702}.ReleaseWhiteList|Win32.Build.0 = Release|Any CPU
		{3B0676C4-5CF1-4A0B-97E4-0CDF2B035702}.ReleaseWhiteList|x86.ActiveCfg = Release|Any CPU
		{3B0676C4-5CF1-4A0B-97E4-0CDF2B035702}.ReleaseWhiteList|x86.Build.0 = Release|Any CPU
		{1A79D2A0-0171-4D3D-92D8-57ED68743A94}.Benchmark|Any CPU.ActiveCfg = Debug|Any CPU
		{1A79D2A0-0171-4D3D-92D8-57ED68743A94}.Benchmark|Any CPU.Build.0 = Debug|Any CPU
		{1A79D2A0-0171-4D3D-92D8-57ED68743A94}.Benchmark|Mixed Platforms.ActiveCfg = Debug|Any CPU
		{1A79D2A0-0171-4D3D-92D8-57ED68743A94}.Benchmark|Mixed Platforms.Build.0 = Debug|Any CPU
		{1A79D2A0-0171-4D3D-92D8-57ED68743A94}.Benchmark|Win32.ActiveCfg = Debug|Any CPU
		{1A79D2A0-0171-4D3D-92D8-57ED68743A94}.Benchmark|Win32.Build.0 = Debug|Any CPU
		{1A79D2A0-0171-4D3D-92D8-57ED68743A94}.Benchmark|x86.ActiveCfg = Debug|Any CPU
		{1A79D2A0-0171-4D3D-92D8-57ED68743A94}.Benchmark|x86.Build.0 = Debug|Any CPU
		{1A79D2A0-0171-4D3D-92D8-57ED68743A94}.Debug|Any CPU.ActiveCfg = Debug|Any CPU
		{1A79D2A0-0171-4D3D-92D8-57ED68743A94}.Debug|Any CPU.Build.0 = Debug|Any CPU
		{1A79D2A0-0171-4D3D-92D8-57ED68743A94}.Debug|Mixed Platforms.ActiveCfg = Debug|Any CPU
		{1A79D2A0-0171-4D3D-92D8-57ED68743A94}.Debug|Mixed Platforms.Build.0 = Debug|Any CPU
		{1A79D2A0-0171-4D3D-92D8-57ED68743A94}.Debug|Win32.ActiveCfg = Debug|Any CPU
		{1A79D2A0-0171-4D3D-92D8-57ED68743A94}.Debug|Win32.Build.0 = Debug|Any CPU
		{1A79D2A0-0171-4D3D-92D8-57ED68743A94}.Debug|x86.ActiveCfg = Debug|Any CPU
		{1A79D2A0-0171-4D3D-92D8-57ED68743A94}.Debug|x86.Build.0 = Debug|Any CPU
		{1A79D2A0-0171-4D3D-92D8-57ED68743A94}.Release|Any CPU.ActiveCfg = Release|Any CPU
		{1A79D2A0-0171-4D3D-92D8-57ED68743A94}.Release|Any CPU.Build.0 = Release|Any CPU
		{1A79D2A0-0171-4D3D-92D8-57ED68743A94}.Release|Mixed Platforms.ActiveCfg = Release|Any CPU
		{1A79D2A0-0171-4D3D-92D8-57ED68743A94}.Release|Mixed Platforms.Build.0 = Release|Any CPU
		{1A79D2A0-0171-4D3D-92D8-57ED68743A94}.Release|Win32.ActiveCfg = Release|Any CPU
		{1A79D2A0-0171-4D3D-92D8-57ED68743A94}.Release|Win32.Build.0 = Release|Any CPU
		{1A79D2A0-0171-4D3D-92D8-57ED68743A94}.Release|x86.ActiveCfg = Release|Any CPU
		{1A79D2A0-0171-4D3D-92D8-57ED68743A94}.Release|x86.Build.0 = Release|Any CPU
		{1A79D2A0-0171-4D3D-92D8-57ED68743A94}.ReleaseWhiteList|Any CPU.ActiveCfg = Release|Any CPU
		{1A79D2A0-0171-4D3D-92D8-57ED68743A94}.ReleaseWhiteList|Any CPU.Build.0 = Release|Any CPU
		{1A79D2A0-0171-4D3D-92D8-57ED68743A94}.ReleaseWhiteList|Mixed Platforms.ActiveCfg = Release|Any CPU
		{1A79D2A0-0171-4D3D-92D8-57ED68743A94}.ReleaseWhiteList|Mixed Platforms.Build.0 = Release|Any CPU
		{1A79D2A0-0171-4D3D-92D8-57ED68743A94}.ReleaseWhiteList|Win32.ActiveCfg = Release|Any CPU
		{1A79D2A0-0171-4D3D-92D8-57ED68743A94}.ReleaseWhiteList|Win32.Build.0 = Release|Any CPU
		{1A79D2A0-0171-4D3D-92D8-57ED68743A94}.ReleaseWhiteList|x86.ActiveCfg = Release|Any CPU
		{1A79D2A0-0171-4D3D-92D8-57ED68743A94}.ReleaseWhiteList|x86.Build.0 = Release|Any CPU
		{C476D49D-1764-44EF-865D-2E479D7A3A89}.Benchmark|Any CPU.ActiveCfg = Debug|Any CPU
		{C476D49D-1764-44EF-865D-2E479D7A3A89}.Benchmark|Any CPU.Build.0 = Debug|Any CPU
		{C476D49D-1764-44EF-865D-2E479D7A3A89}.Benchmark|Mixed Platforms.ActiveCfg = Debug|Any CPU
		{C476D49D-1764-44EF-865D-2E479D7A3A89}.Benchmark|Mixed Platforms.Build.0 = Debug|Any CPU
		{C476D49D-1764-44EF-865D-2E479D7A3A89}.Benchmark|Win32.ActiveCfg = Debug|Any CPU
		{C476D49D-1764-44EF-865D-2E479D7A3A89}.Benchmark|Win32.Build.0 = Debug|Any CPU
		{C476D49D-1764-44EF-865D-2E479D7A3A89}.Benchmark|x86.ActiveCfg = Debug|Any CPU
		{C476D49D-1764-44EF-865D-2E479D7A3A89}.Benchmark|x86.Build.0 = Debug|Any CPU
		{C476D49D-1764-44EF-865D-2E479D7A3A89}.Debug|Any CPU.ActiveCfg = Debug|Any CPU
		{C476D49D-1764-44EF-865D-2E479D7A3A89}.Debug|Any CPU.Build.0 = Debug|Any CPU
		{C476D49D-1764-44EF-865D-2E479D7A3A89}.Debug|Mixed Platforms.ActiveCfg = Debug|Any CPU
		{C476D49D-1764-44EF-865D-2E479D7A3A89}.Debug|Mixed Platforms.Build.0 = Debug|Any CPU
		{C476D49D-1764-44EF-865D-2E479D7A3A89}.Debug|Win32.ActiveCfg = Debug|Any CPU
		{C476D49D-1764-44EF-865D-2E479D7A3A89}.Debug|Win32.Build.0 = Debug|Any CPU
		{C476D49D-1764-44EF-865D-2E479D7A3A89}.Debug|x86.ActiveCfg = Debug|Any CPU
		{C476D49D-1764-44EF-865D-2E479D7A3A89}.Debug|x86.Build.0 = Debug|Any CPU
		{C476D49D-1764-44EF-865D-2E479D7A3A89}.Release|Any CPU.ActiveCfg = Release|Any CPU
		{C476D49D-1764-44EF-865D-2E479D7A3A89}.Release|Any CPU.Build.0 = Release|Any CPU
		{C476D49D-1764-44EF-865D-2E479D7A3A89}.Release|Mixed Platforms.ActiveCfg = Release|Any CPU
		{C476D49D-1764-44EF-865D-2E479D7A3A89}.Release|Mixed Platforms.Build.0 = Release|Any CPU
		{C476D49D-1764-44EF-865D-2E479D7A3A89}.Release|Win32.ActiveCfg = Release|Any CPU
		{C476D49D-1764-44EF-865D-2E479D7A3A89}.Release|Win32.Build.0 = Release|Any CPU
		{C476D49D-1764-44EF-865D-2E479D7A3A89}.Release|x86.ActiveCfg = Release|Any CPU
		{C476D49D-1764-44EF-865D-2E479D7A3A89}.Release|x86.Build.0 = Release|Any CPU
		{C476D49D-1764-44EF-865D-2E479D7A3A89}.ReleaseWhiteList|Any CPU.ActiveCfg = Release|Any CPU
		{C476D49D-1764-44EF-865D-2E479D7A3A89}.ReleaseWhiteList|Any CPU.Build.0 = Release|Any CPU
		{C476D49D-1764-44EF-865D-2E479D7A3A89}.ReleaseWhiteList|Mixed Platforms.ActiveCfg = Release|Any CPU
		{C476D49D-1764-44EF-865D-2E479D7A3A89}.ReleaseWhiteList|Mixed Platforms.Build.0 = Release|Any CPU
		{C476D49D-1764-44EF-865D-2E479D7A3A89}.ReleaseWhiteList|Win32.ActiveCfg = Release|Any CPU
		{C476D49D-1764-44EF-865D-2E479D7A3A89}.ReleaseWhiteList|Win32.Build.0 = Release|Any CPU
		{C476D49D-1764-44EF-865D-2E479D7A3A89}.ReleaseWhiteList|x86.ActiveCfg = Release|Any CPU
		{C476D49D-1764-44EF-865D-2E479D7A3A89}.ReleaseWhiteList|x86.Build.0 = Release|Any CPU
		{FC824002-2910-43DE-8633-70B1707469FC}.Benchmark|Any CPU.ActiveCfg = Debug|Any CPU
		{FC824002-2910-43DE-8633-70B1707469FC}.Benchmark|Any CPU.Build.0 = Debug|Any CPU
		{FC824002-2910-43DE-8633-70B1707469FC}.Benchmark|Mixed Platforms.ActiveCfg = Debug|Any CPU
		{FC824002-2910-43DE-8633-70B1707469FC}.Benchmark|Mixed Platforms.Build.0 = Debug|Any CPU
		{FC824002-2910-43DE-8633-70B1707469FC}.Benchmark|Win32.ActiveCfg = Debug|Any CPU
		{FC824002-2910-43DE-8633-70B1707469FC}.Benchmark|Win32.Build.0 = Debug|Any CPU
		{FC824002-2910-43DE-8633-70B1707469FC}.Benchmark|x86.ActiveCfg = Debug|Any CPU
		{FC824002-2910-43DE-8633-70B1707469FC}.Benchmark|x86.Build.0 = Debug|Any CPU
		{FC824002-2910-43DE-8633-70B1707469FC}.Debug|Any CPU.ActiveCfg = Debug|Any CPU
		{FC824002-2910-43DE-8633-70B1707469FC}.Debug|Any CPU.Build.0 = Debug|Any CPU
		{FC824002-2910-43DE-8633-70B1707469FC}.Debug|Mixed Platforms.ActiveCfg = Debug|Any CPU
		{FC824002-2910-43DE-8633-70B1707469FC}.Debug|Mixed Platforms.Build.0 = Debug|Any CPU
		{FC824002-2910-43DE-8633-70B1707469FC}.Debug|Win32.ActiveCfg = Debug|Any CPU
		{FC824002-2910-43DE-8633-70B1707469FC}.Debug|Win32.Build.0 = Debug|Any CPU
		{FC824002-2910-43DE-8633-70B1707469FC}.Debug|x86.ActiveCfg = Debug|Any CPU
		{FC824002-2910-43DE-8633-70B1707469FC}.Debug|x86.Build.0 = Debug|Any CPU
		{FC824002-2910-43DE-8633-70B1707469FC}.Release|Any CPU.ActiveCfg = Release|Any CPU
		{FC824002-2910-43DE-8633-70B1707469FC}.Release|Any CPU.Build.0 = Release|Any CPU
		{FC824002-2910-43DE-8633-70B1707469FC}.Release|Mixed Platforms.ActiveCfg = Release|Any CPU
		{FC824002-2910-43DE-8633-70B1707469FC}.Release|Mixed Platforms.Build.0 = Release|Any CPU
		{FC824002-2910-43DE-8633-70B1707469FC}.Release|Win32.ActiveCfg = Release|Any CPU
		{FC824002-2910-43DE-8633-70B1707469FC}.Release|Win32.Build.0 = Release|Any CPU
		{FC824002-2910-43DE-8633-70B1707469FC}.Release|x86.ActiveCfg = Release|Any CPU
		{FC824002-2910-43DE-8633-70B1707469FC}.Release|x86.Build.0 = Release|Any CPU
		{FC824002-2910-43DE-8633-70B1707469FC}.ReleaseWhiteList|Any CPU.ActiveCfg = Release|Any CPU
		{FC824002-2910-43DE-8633-70B1707469FC}.ReleaseWhiteList|Any CPU.Build.0 = Release|Any CPU
		{FC824002-2910-43DE-8633-70B1707469FC}.ReleaseWhiteList|Mixed Platforms.ActiveCfg = Release|Any CPU
		{FC824002-2910-43DE-8633-70B1707469FC}.ReleaseWhiteList|Mixed Platforms.Build.0 = Release|Any CPU
		{FC824002-2910-43DE-8633-70B1707469FC}.ReleaseWhiteList|Win32.ActiveCfg = Release|Any CPU
		{FC824002-2910-43DE-8633-70B1707469FC}.ReleaseWhiteList|Win32.Build.0 = Release|Any CPU
		{FC824002-2910-43DE-8633-70B1707469FC}.ReleaseWhiteList|x86.ActiveCfg = Release|Any CPU
		{FC824002-2910-43DE-8633-70B1707469FC}.ReleaseWhiteList|x86.Build.0 = Release|Any CPU
		{0C84DEAC-046E-4BF3-AB91-AB37AAE6DC0F}.Benchmark|Any CPU.ActiveCfg = Debug|Any CPU
		{0C84DEAC-046E-4BF3-AB91-AB37AAE6DC0F}.Benchmark|Any CPU.Build.0 = Debug|Any CPU
		{0C84DEAC-046E-4BF3-AB91-AB37AAE6DC0F}.Benchmark|Mixed Platforms.ActiveCfg = Debug|Any CPU
		{0C84DEAC-046E-4BF3-AB91-AB37AAE6DC0F}.Benchmark|Mixed Platforms.Build.0 = Debug|Any CPU
		{0C84DEAC-046E-4BF3-AB91-AB37AAE6DC0F}.Benchmark|Win32.ActiveCfg = Debug|Any CPU
		{0C84DEAC-046E-4BF3-AB91-AB37AAE6DC0F}.Benchmark|Win32.Build.0 = Debug|Any CPU
		{0C84DEAC-046E-4BF3-AB91-AB37AAE6DC0F}.Benchmark|x86.ActiveCfg = Debug|Any CPU
		{0C84DEAC-046E-4BF3-AB91-AB37AAE6DC0F}.Benchmark|x86.Build.0 = Debug|Any CPU
		{0C84DEAC-046E-4BF3-AB91-AB37AAE6DC0F}.Debug|Any CPU.ActiveCfg = Debug|Any CPU
		{0C84DEAC-046E-4BF3-AB91-AB37AAE6DC0F}.Debug|Any CPU.Build.0 = Debug|Any CPU
		{0C84DEAC-046E-4BF3-AB91-AB37AAE6DC0F}.Debug|Mixed Platforms.ActiveCfg = Debug|Any CPU
		{0C84DEAC-046E-4BF3-AB91-AB37AAE6DC0F}.Debug|Mixed Platforms.Build.0 = Debug|Any CPU
		{0C84DEAC-046E-4BF3-AB91-AB37AAE6DC0F}.Debug|Win32.ActiveCfg = Debug|Any CPU
		{0C84DEAC-046E-4BF3-AB91-AB37AAE6DC0F}.Debug|Win32.Build.0 = Debug|Any CPU
		{0C84DEAC-046E-4BF3-AB91-AB37AAE6DC0F}.Debug|x86.ActiveCfg = Debug|Any CPU
		{0C84DEAC-046E-4BF3-AB91-AB37AAE6DC0F}.Debug|x86.Build.0 = Debug|Any CPU
		{0C84DEAC-046E-4BF3-AB91-AB37AAE6DC0F}.Release|Any CPU.ActiveCfg = Release|Any CPU
		{0C84DEAC-046E-4BF3-AB91-AB37AAE6DC0F}.Release|Any CPU.Build.0 = Release|Any CPU
		{0C84DEAC-046E-4BF3-AB91-AB37AAE6DC0F}.Release|Mixed Platforms.ActiveCfg = Release|Any CPU
		{0C84DEAC-046E-4BF3-AB91-AB37AAE6DC0F}.Release|Mixed Platforms.Build.0 = Release|Any CPU
		{0C84DEAC-046E-4BF3-AB91-AB37AAE6DC0F}.Release|Win32.ActiveCfg = Release|Any CPU
		{0C84DEAC-046E-4BF3-AB91-AB37AAE6DC0F}.Release|Win32.Build.0 = Release|Any CPU
		{0C84DEAC-046E-4BF3-AB91-AB37AAE6DC0F}.Release|x86.ActiveCfg = Release|Any CPU
		{0C84DEAC-046E-4BF3-AB91-AB37AAE6DC0F}.Release|x86.Build.0 = Release|Any CPU
		{0C84DEAC-046E-4BF3-AB91-AB37AAE6DC0F}.ReleaseWhiteList|Any CPU.ActiveCfg = Release|Any CPU
		{0C84DEAC-046E-4BF3-AB91-AB37AAE6DC0F}.ReleaseWhiteList|Any CPU.Build.0 = Release|Any CPU
		{0C84DEAC-046E-4BF3-AB91-AB37AAE6DC0F}.ReleaseWhiteList|Mixed Platforms.ActiveCfg = Release|Any CPU
		{0C84DEAC-046E-4BF3-AB91-AB37AAE6DC0F}.ReleaseWhiteList|Mixed Platforms.Build.0 = Release|Any CPU
		{0C84DEAC-046E-4BF3-AB91-AB37AAE6DC0F}.ReleaseWhiteList|Win32.ActiveCfg = Release|Any CPU
		{0C84DEAC-046E-4BF3-AB91-AB37AAE6DC0F}.ReleaseWhiteList|Win32.Build.0 = Release|Any CPU
		{0C84DEAC-046E-4BF3-AB91-AB37AAE6DC0F}.ReleaseWhiteList|x86.ActiveCfg = Release|Any CPU
		{0C84DEAC-046E-4BF3-AB91-AB37AAE6DC0F}.ReleaseWhiteList|x86.Build.0 = Release|Any CPU
		{2F4FEE64-9215-4B6C-8180-3C9C02BE7C07}.Benchmark|Any CPU.ActiveCfg = Debug|Any CPU
		{2F4FEE64-9215-4B6C-8180-3C9C02BE7C07}.Benchmark|Any CPU.Build.0 = Debug|Any CPU
		{2F4FEE64-9215-4B6C-8180-3C9C02BE7C07}.Benchmark|Mixed Platforms.ActiveCfg = Debug|Any CPU
		{2F4FEE64-9215-4B6C-8180-3C9C02BE7C07}.Benchmark|Mixed Platforms.Build.0 = Debug|Any CPU
		{2F4FEE64-9215-4B6C-8180-3C9C02BE7C07}.Benchmark|Win32.ActiveCfg = Debug|Any CPU
		{2F4FEE64-9215-4B6C-8180-3C9C02BE7C07}.Benchmark|Win32.Build.0 = Debug|Any CPU
		{2F4FEE64-9215-4B6C-8180-3C9C02BE7C07}.Benchmark|x86.ActiveCfg = Debug|Any CPU
		{2F4FEE64-9215-4B6C-8180-3C9C02BE7C07}.Benchmark|x86.Build.0 = Debug|Any CPU
		{2F4FEE64-9215-4B6C-8180-3C9C02BE7C07}.Debug|Any CPU.ActiveCfg = Debug|Any CPU
		{2F4FEE64-9215-4B6C-8180-3C9C02BE7C07}.Debug|Any CPU.Build.0 = Debug|Any CPU
		{2F4FEE64-9215-4B6C-8180-3C9C02BE7C07}.Debug|Mixed Platforms.ActiveCfg = Debug|Any CPU
		{2F4FEE64-9215-4B6C-8180-3C9C02BE7C07}.Debug|Mixed Platforms.Build.0 = Debug|Any CPU
		{2F4FEE64-9215-4B6C-8180-3C9C02BE7C07}.Debug|Win32.ActiveCfg = Debug|Any CPU
		{2F4FEE64-9215-4B6C-8180-3C9C02BE7C07}.Debug|Win32.Build.0 = Debug|Any CPU
		{2F4FEE64-9215-4B6C-8180-3C9C02BE7C07}.Debug|x86.ActiveCfg = Debug|Any CPU
		{2F4FEE64-9215-4B6C-8180-3C9C02BE7C07}.Debug|x86.Build.0 = Debug|Any CPU
		{2F4FEE64-9215-4B6C-8180-3C9C02BE7C07}.Release|Any CPU.ActiveCfg = Release|Any CPU
		{2F4FEE64-9215-4B6C-8180-3C9C02BE7C07}.Release|Any CPU.Build.0 = Release|Any CPU
		{2F4FEE64-9215-4B6C-8180-3C9C02BE7C07}.Release|Mixed Platforms.ActiveCfg = Release|Any CPU
		{2F4FEE64-9215-4B6C-8180-3C9C02BE7C07}.Release|Mixed Platforms.Build.0 = Release|Any CPU
		{2F4FEE64-9215-4B6C-8180-3C9C02BE7C07}.Release|Win32.ActiveCfg = Release|Any CPU
		{2F4FEE64-9215-4B6C-8180-3C9C02BE7C07}.Release|Win32.Build.0 = Release|Any CPU
		{2F4FEE64-9215-4B6C-8180-3C9C02BE7C07}.Release|x86.ActiveCfg = Release|Any CPU
		{2F4FEE64-9215-4B6C-8180-3C9C02BE7C07}.Release|x86.Build.0 = Release|Any CPU
		{2F4FEE64-9215-4B6C-8180-3C9C02BE7C07}.ReleaseWhiteList|Any CPU.ActiveCfg = Release|Any CPU
		{2F4FEE64-9215-4B6C-8180-3C9C02BE7C07}.ReleaseWhiteList|Any CPU.Build.0 = Release|Any CPU
		{2F4FEE64-9215-4B6C-8180-3C9C02BE7C07}.ReleaseWhiteList|Mixed Platforms.ActiveCfg = Release|Any CPU
		{2F4FEE64-9215-4B6C-8180-3C9C02BE7C07}.ReleaseWhiteList|Mixed Platforms.Build.0 = Release|Any CPU
		{2F4FEE64-9215-4B6C-8180-3C9C02BE7C07}.ReleaseWhiteList|Win32.ActiveCfg = Release|Any CPU
		{2F4FEE64-9215-4B6C-8180-3C9C02BE7C07}.ReleaseWhiteList|Win32.Build.0 = Release|Any CPU
		{2F4FEE64-9215-4B6C-8180-3C9C02BE7C07}.ReleaseWhiteList|x86.ActiveCfg = Release|Any CPU
		{2F4FEE64-9215-4B6C-8180-3C9C02BE7C07}.ReleaseWhiteList|x86.Build.0 = Release|Any CPU
		{529AE3EE-28AF-4C0F-8D07-DC89833128DA}.Benchmark|Any CPU.ActiveCfg = Debug|Any CPU
		{529AE3EE-28AF-4C0F-8D07-DC89833128DA}.Benchmark|Any CPU.Build.0 = Debug|Any CPU
		{529AE3EE-28AF-4C0F-8D07-DC89833128DA}.Benchmark|Mixed Platforms.ActiveCfg = Debug|Any CPU
		{529AE3EE-28AF-4C0F-8D07-DC89833128DA}.Benchmark|Mixed Platforms.Build.0 = Debug|Any CPU
		{529AE3EE-28AF-4C0F-8D07-DC89833128DA}.Benchmark|Win32.ActiveCfg = Debug|Any CPU
		{529AE3EE-28AF-4C0F-8D07-DC89833128DA}.Benchmark|Win32.Build.0 = Debug|Any CPU
		{529AE3EE-28AF-4C0F-8D07-DC89833128DA}.Benchmark|x86.ActiveCfg = Debug|Any CPU
		{529AE3EE-28AF-4C0F-8D07-DC89833128DA}.Benchmark|x86.Build.0 = Debug|Any CPU
		{529AE3EE-28AF-4C0F-8D07-DC89833128DA}.Debug|Any CPU.ActiveCfg = Debug|Any CPU
		{529AE3EE-28AF-4C0F-8D07-DC89833128DA}.Debug|Any CPU.Build.0 = Debug|Any CPU
		{529AE3EE-28AF-4C0F-8D07-DC89833128DA}.Debug|Mixed Platforms.ActiveCfg = Debug|Any CPU
		{529AE3EE-28AF-4C0F-8D07-DC89833128DA}.Debug|Mixed Platforms.Build.0 = Debug|Any CPU
		{529AE3EE-28AF-4C0F-8D07-DC89833128DA}.Debug|Win32.ActiveCfg = Debug|Any CPU
		{529AE3EE-28AF-4C0F-8D07-DC89833128DA}.Debug|Win32.Build.0 = Debug|Any CPU
		{529AE3EE-28AF-4C0F-8D07-DC89833128DA}.Debug|x86.ActiveCfg = Debug|Any CPU
		{529AE3EE-28AF-4C0F-8D07-DC89833128DA}.Debug|x86.Build.0 = Debug|Any CPU
		{529AE3EE-28AF-4C0F-8D07-DC89833128DA}.Release|Any CPU.ActiveCfg = Release|Any CPU
		{529AE3EE-28AF-4C0F-8D07-DC89833128DA}.Release|Any CPU.Build.0 = Release|Any CPU
		{529AE3EE-28AF-4C0F-8D07-DC89833128DA}.Release|Mixed Platforms.ActiveCfg = Release|Any CPU
		{529AE3EE-28AF-4C0F-8D07-DC89833128DA}.Release|Mixed Platforms.Build.0 = Release|Any CPU
		{529AE3EE-28AF-4C0F-8D07-DC89833128DA}.Release|Win32.ActiveCfg = Release|Any CPU
		{529AE3EE-28AF-4C0F-8D07-DC89833128DA}.Release|Win32.Build.0 = Release|Any CPU
		{529AE3EE-28AF-4C0F-8D07-DC89833128DA}.Release|x86.ActiveCfg = Release|Any CPU
		{529AE3EE-28AF-4C0F-8D07-DC89833128DA}.Release|x86.Build.0 = Release|Any CPU
		{529AE3EE-28AF-4C0F-8D07-DC89833128DA}.ReleaseWhiteList|Any CPU.ActiveCfg = Release|Any CPU
		{529AE3EE-28AF-4C0F-8D07-DC89833128DA}.ReleaseWhiteList|Any CPU.Build.0 = Release|Any CPU
		{529AE3EE-28AF-4C0F-8D07-DC89833128DA}.ReleaseWhiteList|Mixed Platforms.ActiveCfg = Release|Any CPU
		{529AE3EE-28AF-4C0F-8D07-DC89833128DA}.ReleaseWhiteList|Mixed Platforms.Build.0 = Release|Any CPU
		{529AE3EE-28AF-4C0F-8D07-DC89833128DA}.ReleaseWhiteList|Win32.ActiveCfg = Release|Any CPU
		{529AE3EE-28AF-4C0F-8D07-DC89833128DA}.ReleaseWhiteList|Win32.Build.0 = Release|Any CPU
		{529AE3EE-28AF-4C0F-8D07-DC89833128DA}.ReleaseWhiteList|x86.ActiveCfg = Release|Any CPU
		{529AE3EE-28AF-4C0F-8D07-DC89833128DA}.ReleaseWhiteList|x86.Build.0 = Release|Any CPU
	EndGlobalSection
	GlobalSection(SolutionProperties) = preSolution
		HideSolutionNode = FALSE
	EndGlobalSection
	GlobalSection(NestedProjects) = preSolution
		{8E45BF42-5B0B-4AEF-9E63-B2966622FC23} = {D6A3DE7A-7E93-4932-AA8F-C612FD97830E}
		{DBF062BD-84EE-4ADF-ADB7-A27B10EAB13F} = {E87433B1-D691-4D36-BB6B-3B766192CC8E}
		{2C5074CA-FBA8-46F1-A430-5437D67B63E5} = {920000AB-D955-4399-AD00-78523C740E2A}
		{169F5A43-1079-4E1F-87A2-C5E8E7A69BF9} = {D6A3DE7A-7E93-4932-AA8F-C612FD97830E}
		{36DE9584-F033-4EC0-A18F-1AE60EE55754} = {920000AB-D955-4399-AD00-78523C740E2A}
		{8A1194A0-C773-483B-BD78-9D013105CEA1} = {920000AB-D955-4399-AD00-78523C740E2A}
		{3B0676C4-5CF1-4A0B-97E4-0CDF2B035702} = {D6A3DE7A-7E93-4932-AA8F-C612FD97830E}
		{2F4FEE64-9215-4B6C-8180-3C9C02BE7C07} = {D6A3DE7A-7E93-4932-AA8F-C612FD97830E}
		{529AE3EE-28AF-4C0F-8D07-DC89833128DA} = {920000AB-D955-4399-AD00-78523C740E2A}
	EndGlobalSection
	GlobalSection(ExtensibilityGlobals) = postSolution
		SolutionGuid = {BB1B236A-1BE9-476A-A4B3-8C0F51F1FDA7}
		EnterpriseLibraryConfigurationToolBinariesPath = packages\Unity.2.1.505.2\lib\NET35
	EndGlobalSection
EndGlobal
