
Microsoft Visual Studio Solution File, Format Version 12.00
# Visual Studio Version 16
VisualStudioVersion = 16.0.30907.101
MinimumVisualStudioVersion = 10.0.40219.1
Project("{2150E333-8FDC-42A3-9474-1A3956D46DE8}") = "core", "core", "{E87433B1-D691-4D36-BB6B-3B766192CC8E}"
EndProject
Project("{2150E333-8FDC-42A3-9474-1A3956D46DE8}") = "apps", "apps", "{D6A3DE7A-7E93-4932-AA8F-C612FD97830E}"
EndProject
Project("{2150E333-8FDC-42A3-9474-1A3956D46DE8}") = "tests", "tests", "{920000AB-D955-4399-AD00-78523C740E2A}"
EndProject
Project("{2150E333-8FDC-42A3-9474-1A3956D46DE8}") = ".nuget", ".nuget", "{29A8C805-7367-4C69-8F62-60FC753AFD12}"
	ProjectSection(SolutionItems) = preProject
		.nuget\NuGet.Config = .nuget\NuGet.Config
		.nuget\NuGet.exe = .nuget\NuGet.exe
		.nuget\NuGet.targets = .nuget\NuGet.targets
	EndProjectSection
EndProject
Project("{9A19103F-16F7-4668-BE54-9A1E7A4F7556}") = "Vts.MonteCarlo.CommandLineApplication", "Vts.MonteCarlo.CommandLineApplication\Vts.MonteCarlo.CommandLineApplication.csproj", "{8E45BF42-5B0B-4AEF-9E63-B2966622FC23}"
EndProject
Project("{9A19103F-16F7-4668-BE54-9A1E7A4F7556}") = "Vts", "Vts\Vts.csproj", "{92381E9C-57F9-4391-A3C6-A5FAA99E823B}"
EndProject
Project("{9A19103F-16F7-4668-BE54-9A1E7A4F7556}") = "Vts.Test", "Vts.Test\Vts.Test.csproj", "{2C5074CA-FBA8-46F1-A430-5437D67B63E5}"
EndProject
Project("{9A19103F-16F7-4668-BE54-9A1E7A4F7556}") = "Vts.MonteCarlo.PostProcessor", "Vts.MonteCarlo.PostProcessor\Vts.MonteCarlo.PostProcessor.csproj", "{169F5A43-1079-4E1F-87A2-C5E8E7A69BF9}"
EndProject
Project("{FAE04EC0-301F-11D3-BF4B-00C04F79EFBC}") = "Vts.MGRTE.ConsoleApp", "Vts.MGRTE.ConsoleApp\Vts.MGRTE.ConsoleApp.csproj", "{A8043ED2-2536-46BB-A856-F051C43A985D}"
EndProject
Project("{9A19103F-16F7-4668-BE54-9A1E7A4F7556}") = "Vts.MonteCarlo.CommandLineApplication.Test", "Vts.MonteCarlo.CommandLineApplication.Test\Vts.MonteCarlo.CommandLineApplication.Test.csproj", "{36DE9584-F033-4EC0-A18F-1AE60EE55754}"
EndProject
Project("{9A19103F-16F7-4668-BE54-9A1E7A4F7556}") = "Vts.MonteCarlo.PostProcessor.Test", "Vts.MonteCarlo.PostProcessor.Test\Vts.MonteCarlo.PostProcessor.Test.csproj", "{8A1194A0-C773-483B-BD78-9D013105CEA1}"
EndProject
Project("{9A19103F-16F7-4668-BE54-9A1E7A4F7556}") = "Vts.Benchmark", "Vts.Benchmark\Vts.Benchmark.csproj", "{3B0676C4-5CF1-4A0B-97E4-0CDF2B035702}"
EndProject
Global
	GlobalSection(SolutionConfigurationPlatforms) = preSolution
		Benchmark|Any CPU = Benchmark|Any CPU
		Benchmark|Mixed Platforms = Benchmark|Mixed Platforms
		Benchmark|Win32 = Benchmark|Win32
		Benchmark|x86 = Benchmark|x86
		Debug|Any CPU = Debug|Any CPU
		Debug|Mixed Platforms = Debug|Mixed Platforms
		Debug|Win32 = Debug|Win32
		Debug|x86 = Debug|x86
		Release|Any CPU = Release|Any CPU
		Release|Mixed Platforms = Release|Mixed Platforms
		Release|Win32 = Release|Win32
		Release|x86 = Release|x86
		ReleaseWhiteList|Any CPU = ReleaseWhiteList|Any CPU
		ReleaseWhiteList|Mixed Platforms = ReleaseWhiteList|Mixed Platforms
		ReleaseWhiteList|Win32 = ReleaseWhiteList|Win32
		ReleaseWhiteList|x86 = ReleaseWhiteList|x86
	EndGlobalSection
	GlobalSection(ProjectConfigurationPlatforms) = postSolution
		{8E45BF42-5B0B-4AEF-9E63-B2966622FC23}.Benchmark|Any CPU.ActiveCfg = Release|Any CPU
		{8E45BF42-5B0B-4AEF-9E63-B2966622FC23}.Benchmark|Any CPU.Build.0 = Release|Any CPU
		{8E45BF42-5B0B-4AEF-9E63-B2966622FC23}.Benchmark|Mixed Platforms.ActiveCfg = Release|Any CPU
		{8E45BF42-5B0B-4AEF-9E63-B2966622FC23}.Benchmark|Mixed Platforms.Build.0 = Release|Any CPU
		{8E45BF42-5B0B-4AEF-9E63-B2966622FC23}.Benchmark|Win32.ActiveCfg = Release|Any CPU
		{8E45BF42-5B0B-4AEF-9E63-B2966622FC23}.Benchmark|Win32.Build.0 = Release|Any CPU
		{8E45BF42-5B0B-4AEF-9E63-B2966622FC23}.Benchmark|x86.ActiveCfg = Release|Any CPU
		{8E45BF42-5B0B-4AEF-9E63-B2966622FC23}.Debug|Any CPU.ActiveCfg = Debug|Any CPU
		{8E45BF42-5B0B-4AEF-9E63-B2966622FC23}.Debug|Any CPU.Build.0 = Debug|Any CPU
		{8E45BF42-5B0B-4AEF-9E63-B2966622FC23}.Debug|Mixed Platforms.ActiveCfg = Debug|Any CPU
		{8E45BF42-5B0B-4AEF-9E63-B2966622FC23}.Debug|Mixed Platforms.Build.0 = Debug|Any CPU
		{8E45BF42-5B0B-4AEF-9E63-B2966622FC23}.Debug|Win32.ActiveCfg = Debug|Any CPU
		{8E45BF42-5B0B-4AEF-9E63-B2966622FC23}.Debug|Win32.Build.0 = Debug|Any CPU
		{8E45BF42-5B0B-4AEF-9E63-B2966622FC23}.Debug|x86.ActiveCfg = Debug|Any CPU
		{8E45BF42-5B0B-4AEF-9E63-B2966622FC23}.Release|Any CPU.ActiveCfg = Release|Any CPU
		{8E45BF42-5B0B-4AEF-9E63-B2966622FC23}.Release|Any CPU.Build.0 = Release|Any CPU
		{8E45BF42-5B0B-4AEF-9E63-B2966622FC23}.Release|Mixed Platforms.ActiveCfg = Release|Any CPU
		{8E45BF42-5B0B-4AEF-9E63-B2966622FC23}.Release|Mixed Platforms.Build.0 = Release|Any CPU
		{8E45BF42-5B0B-4AEF-9E63-B2966622FC23}.Release|Win32.ActiveCfg = Release|Any CPU
		{8E45BF42-5B0B-4AEF-9E63-B2966622FC23}.Release|Win32.Build.0 = Release|Any CPU
		{8E45BF42-5B0B-4AEF-9E63-B2966622FC23}.Release|x86.ActiveCfg = Release|Any CPU
		{8E45BF42-5B0B-4AEF-9E63-B2966622FC23}.ReleaseWhiteList|Any CPU.ActiveCfg = Release|Any CPU
		{8E45BF42-5B0B-4AEF-9E63-B2966622FC23}.ReleaseWhiteList|Mixed Platforms.ActiveCfg = Release|Any CPU
		{8E45BF42-5B0B-4AEF-9E63-B2966622FC23}.ReleaseWhiteList|Mixed Platforms.Build.0 = Release|Any CPU
		{8E45BF42-5B0B-4AEF-9E63-B2966622FC23}.ReleaseWhiteList|Win32.ActiveCfg = Release|Any CPU
		{8E45BF42-5B0B-4AEF-9E63-B2966622FC23}.ReleaseWhiteList|x86.ActiveCfg = Release|Any CPU
		{92381E9C-57F9-4391-A3C6-A5FAA99E823B}.Benchmark|Any CPU.ActiveCfg = Release|Any CPU
		{92381E9C-57F9-4391-A3C6-A5FAA99E823B}.Benchmark|Mixed Platforms.ActiveCfg = Benchmark|Any CPU
		{92381E9C-57F9-4391-A3C6-A5FAA99E823B}.Benchmark|Mixed Platforms.Build.0 = Benchmark|Any CPU
		{92381E9C-57F9-4391-A3C6-A5FAA99E823B}.Benchmark|Win32.ActiveCfg = Release|Any CPU
		{92381E9C-57F9-4391-A3C6-A5FAA99E823B}.Benchmark|x86.ActiveCfg = Release|Any CPU
		{92381E9C-57F9-4391-A3C6-A5FAA99E823B}.Debug|Any CPU.ActiveCfg = Debug|Any CPU
		{92381E9C-57F9-4391-A3C6-A5FAA99E823B}.Debug|Any CPU.Build.0 = Debug|Any CPU
		{92381E9C-57F9-4391-A3C6-A5FAA99E823B}.Debug|Mixed Platforms.ActiveCfg = Debug|Any CPU
		{92381E9C-57F9-4391-A3C6-A5FAA99E823B}.Debug|Mixed Platforms.Build.0 = Debug|Any CPU
		{92381E9C-57F9-4391-A3C6-A5FAA99E823B}.Debug|Win32.ActiveCfg = Debug|Any CPU
		{92381E9C-57F9-4391-A3C6-A5FAA99E823B}.Debug|Win32.Build.0 = Debug|Any CPU
		{92381E9C-57F9-4391-A3C6-A5FAA99E823B}.Debug|x86.ActiveCfg = Debug|Any CPU
		{92381E9C-57F9-4391-A3C6-A5FAA99E823B}.Release|Any CPU.ActiveCfg = Release|Any CPU
		{92381E9C-57F9-4391-A3C6-A5FAA99E823B}.Release|Mixed Platforms.ActiveCfg = Release|Any CPU
		{92381E9C-57F9-4391-A3C6-A5FAA99E823B}.Release|Mixed Platforms.Build.0 = Release|Any CPU
		{92381E9C-57F9-4391-A3C6-A5FAA99E823B}.Release|Win32.ActiveCfg = Release|Any CPU
		{92381E9C-57F9-4391-A3C6-A5FAA99E823B}.Release|x86.ActiveCfg = Release|Any CPU
		{92381E9C-57F9-4391-A3C6-A5FAA99E823B}.ReleaseWhiteList|Any CPU.ActiveCfg = Release|Any CPU
		{92381E9C-57F9-4391-A3C6-A5FAA99E823B}.ReleaseWhiteList|Mixed Platforms.ActiveCfg = Release|Any CPU
		{92381E9C-57F9-4391-A3C6-A5FAA99E823B}.ReleaseWhiteList|Mixed Platforms.Build.0 = Release|Any CPU
		{92381E9C-57F9-4391-A3C6-A5FAA99E823B}.ReleaseWhiteList|Win32.ActiveCfg = Release|Any CPU
		{92381E9C-57F9-4391-A3C6-A5FAA99E823B}.ReleaseWhiteList|x86.ActiveCfg = Release|Any CPU
		{2C5074CA-FBA8-46F1-A430-5437D67B63E5}.Benchmark|Any CPU.ActiveCfg = Release|Any CPU
		{2C5074CA-FBA8-46F1-A430-5437D67B63E5}.Benchmark|Any CPU.Build.0 = Release|Any CPU
		{2C5074CA-FBA8-46F1-A430-5437D67B63E5}.Benchmark|Mixed Platforms.ActiveCfg = Release|Any CPU
		{2C5074CA-FBA8-46F1-A430-5437D67B63E5}.Benchmark|Mixed Platforms.Build.0 = Release|Any CPU
		{2C5074CA-FBA8-46F1-A430-5437D67B63E5}.Benchmark|Win32.ActiveCfg = Release|Any CPU
		{2C5074CA-FBA8-46F1-A430-5437D67B63E5}.Benchmark|x86.ActiveCfg = Release|Any CPU
		{2C5074CA-FBA8-46F1-A430-5437D67B63E5}.Debug|Any CPU.ActiveCfg = Debug|Any CPU
		{2C5074CA-FBA8-46F1-A430-5437D67B63E5}.Debug|Any CPU.Build.0 = Debug|Any CPU
		{2C5074CA-FBA8-46F1-A430-5437D67B63E5}.Debug|Mixed Platforms.ActiveCfg = Debug|Any CPU
		{2C5074CA-FBA8-46F1-A430-5437D67B63E5}.Debug|Mixed Platforms.Build.0 = Debug|Any CPU
		{2C5074CA-FBA8-46F1-A430-5437D67B63E5}.Debug|Win32.ActiveCfg = Debug|Any CPU
		{2C5074CA-FBA8-46F1-A430-5437D67B63E5}.Debug|Win32.Build.0 = Debug|Any CPU
		{2C5074CA-FBA8-46F1-A430-5437D67B63E5}.Debug|x86.ActiveCfg = Debug|Any CPU
		{2C5074CA-FBA8-46F1-A430-5437D67B63E5}.Release|Any CPU.ActiveCfg = Release|Any CPU
		{2C5074CA-FBA8-46F1-A430-5437D67B63E5}.Release|Any CPU.Build.0 = Release|Any CPU
		{2C5074CA-FBA8-46F1-A430-5437D67B63E5}.Release|Mixed Platforms.ActiveCfg = Release|Any CPU
		{2C5074CA-FBA8-46F1-A430-5437D67B63E5}.Release|Mixed Platforms.Build.0 = Release|Any CPU
		{2C5074CA-FBA8-46F1-A430-5437D67B63E5}.Release|Win32.ActiveCfg = Release|Any CPU
		{2C5074CA-FBA8-46F1-A430-5437D67B63E5}.Release|x86.ActiveCfg = Release|Any CPU
		{2C5074CA-FBA8-46F1-A430-5437D67B63E5}.ReleaseWhiteList|Any CPU.ActiveCfg = Release|Any CPU
		{2C5074CA-FBA8-46F1-A430-5437D67B63E5}.ReleaseWhiteList|Any CPU.Build.0 = Release|Any CPU
		{2C5074CA-FBA8-46F1-A430-5437D67B63E5}.ReleaseWhiteList|Mixed Platforms.ActiveCfg = Release|Any CPU
		{2C5074CA-FBA8-46F1-A430-5437D67B63E5}.ReleaseWhiteList|Mixed Platforms.Build.0 = Release|Any CPU
		{2C5074CA-FBA8-46F1-A430-5437D67B63E5}.ReleaseWhiteList|Win32.ActiveCfg = Release|Any CPU
		{2C5074CA-FBA8-46F1-A430-5437D67B63E5}.ReleaseWhiteList|x86.ActiveCfg = Release|Any CPU
		{169F5A43-1079-4E1F-87A2-C5E8E7A69BF9}.Benchmark|Any CPU.ActiveCfg = Release|Any CPU
		{169F5A43-1079-4E1F-87A2-C5E8E7A69BF9}.Benchmark|Any CPU.Build.0 = Release|Any CPU
		{169F5A43-1079-4E1F-87A2-C5E8E7A69BF9}.Benchmark|Mixed Platforms.ActiveCfg = Release|Any CPU
		{169F5A43-1079-4E1F-87A2-C5E8E7A69BF9}.Benchmark|Mixed Platforms.Build.0 = Release|Any CPU
		{169F5A43-1079-4E1F-87A2-C5E8E7A69BF9}.Benchmark|Win32.ActiveCfg = Release|Any CPU
		{169F5A43-1079-4E1F-87A2-C5E8E7A69BF9}.Benchmark|x86.ActiveCfg = Release|Any CPU
		{169F5A43-1079-4E1F-87A2-C5E8E7A69BF9}.Debug|Any CPU.ActiveCfg = Debug|Any CPU
		{169F5A43-1079-4E1F-87A2-C5E8E7A69BF9}.Debug|Any CPU.Build.0 = Debug|Any CPU
		{169F5A43-1079-4E1F-87A2-C5E8E7A69BF9}.Debug|Mixed Platforms.ActiveCfg = Debug|Any CPU
		{169F5A43-1079-4E1F-87A2-C5E8E7A69BF9}.Debug|Mixed Platforms.Build.0 = Debug|Any CPU
		{169F5A43-1079-4E1F-87A2-C5E8E7A69BF9}.Debug|Win32.ActiveCfg = Debug|Any CPU
		{169F5A43-1079-4E1F-87A2-C5E8E7A69BF9}.Debug|x86.ActiveCfg = Debug|Any CPU
		{169F5A43-1079-4E1F-87A2-C5E8E7A69BF9}.Release|Any CPU.ActiveCfg = Release|Any CPU
		{169F5A43-1079-4E1F-87A2-C5E8E7A69BF9}.Release|Any CPU.Build.0 = Release|Any CPU
		{169F5A43-1079-4E1F-87A2-C5E8E7A69BF9}.Release|Mixed Platforms.ActiveCfg = Release|Any CPU
		{169F5A43-1079-4E1F-87A2-C5E8E7A69BF9}.Release|Mixed Platforms.Build.0 = Release|Any CPU
		{169F5A43-1079-4E1F-87A2-C5E8E7A69BF9}.Release|Win32.ActiveCfg = Release|Any CPU
		{169F5A43-1079-4E1F-87A2-C5E8E7A69BF9}.Release|x86.ActiveCfg = Release|Any CPU
		{169F5A43-1079-4E1F-87A2-C5E8E7A69BF9}.ReleaseWhiteList|Any CPU.ActiveCfg = Release|Any CPU
		{169F5A43-1079-4E1F-87A2-C5E8E7A69BF9}.ReleaseWhiteList|Mixed Platforms.ActiveCfg = Release|Any CPU
		{169F5A43-1079-4E1F-87A2-C5E8E7A69BF9}.ReleaseWhiteList|Mixed Platforms.Build.0 = Release|Any CPU
		{169F5A43-1079-4E1F-87A2-C5E8E7A69BF9}.ReleaseWhiteList|Win32.ActiveCfg = Release|Any CPU
		{169F5A43-1079-4E1F-87A2-C5E8E7A69BF9}.ReleaseWhiteList|x86.ActiveCfg = Release|Any CPU
		{A8043ED2-2536-46BB-A856-F051C43A985D}.Benchmark|Any CPU.ActiveCfg = Release|Any CPU
		{A8043ED2-2536-46BB-A856-F051C43A985D}.Benchmark|Any CPU.Build.0 = Release|Any CPU
		{A8043ED2-2536-46BB-A856-F051C43A985D}.Benchmark|Mixed Platforms.ActiveCfg = Release|Any CPU
		{A8043ED2-2536-46BB-A856-F051C43A985D}.Benchmark|Mixed Platforms.Build.0 = Release|Any CPU
		{A8043ED2-2536-46BB-A856-F051C43A985D}.Benchmark|Win32.ActiveCfg = Release|Any CPU
		{A8043ED2-2536-46BB-A856-F051C43A985D}.Benchmark|x86.ActiveCfg = Release|Any CPU
		{A8043ED2-2536-46BB-A856-F051C43A985D}.Debug|Any CPU.ActiveCfg = Debug|Any CPU
		{A8043ED2-2536-46BB-A856-F051C43A985D}.Debug|Any CPU.Build.0 = Debug|Any CPU
		{A8043ED2-2536-46BB-A856-F051C43A985D}.Debug|Mixed Platforms.ActiveCfg = Debug|Any CPU
		{A8043ED2-2536-46BB-A856-F051C43A985D}.Debug|Mixed Platforms.Build.0 = Debug|Any CPU
		{A8043ED2-2536-46BB-A856-F051C43A985D}.Debug|Win32.ActiveCfg = Debug|Any CPU
		{A8043ED2-2536-46BB-A856-F051C43A985D}.Debug|x86.ActiveCfg = Debug|Any CPU
		{A8043ED2-2536-46BB-A856-F051C43A985D}.Release|Any CPU.ActiveCfg = Release|Any CPU
		{A8043ED2-2536-46BB-A856-F051C43A985D}.Release|Any CPU.Build.0 = Release|Any CPU
		{A8043ED2-2536-46BB-A856-F051C43A985D}.Release|Mixed Platforms.ActiveCfg = Release|Any CPU
		{A8043ED2-2536-46BB-A856-F051C43A985D}.Release|Mixed Platforms.Build.0 = Release|Any CPU
		{A8043ED2-2536-46BB-A856-F051C43A985D}.Release|Win32.ActiveCfg = Release|Any CPU
		{A8043ED2-2536-46BB-A856-F051C43A985D}.Release|x86.ActiveCfg = Release|Any CPU
		{A8043ED2-2536-46BB-A856-F051C43A985D}.ReleaseWhiteList|Any CPU.ActiveCfg = Release|Any CPU
		{A8043ED2-2536-46BB-A856-F051C43A985D}.ReleaseWhiteList|Mixed Platforms.ActiveCfg = Release|Any CPU
		{A8043ED2-2536-46BB-A856-F051C43A985D}.ReleaseWhiteList|Mixed Platforms.Build.0 = Release|Any CPU
		{A8043ED2-2536-46BB-A856-F051C43A985D}.ReleaseWhiteList|Win32.ActiveCfg = Release|Any CPU
		{A8043ED2-2536-46BB-A856-F051C43A985D}.ReleaseWhiteList|x86.ActiveCfg = Release|Any CPU
		{36DE9584-F033-4EC0-A18F-1AE60EE55754}.Benchmark|Any CPU.ActiveCfg = Release|Any CPU
		{36DE9584-F033-4EC0-A18F-1AE60EE55754}.Benchmark|Any CPU.Build.0 = Release|Any CPU
		{36DE9584-F033-4EC0-A18F-1AE60EE55754}.Benchmark|Mixed Platforms.ActiveCfg = Release|Any CPU
		{36DE9584-F033-4EC0-A18F-1AE60EE55754}.Benchmark|Mixed Platforms.Build.0 = Release|Any CPU
		{36DE9584-F033-4EC0-A18F-1AE60EE55754}.Benchmark|Win32.ActiveCfg = Release|Any CPU
		{36DE9584-F033-4EC0-A18F-1AE60EE55754}.Benchmark|x86.ActiveCfg = Release|Any CPU
		{36DE9584-F033-4EC0-A18F-1AE60EE55754}.Debug|Any CPU.ActiveCfg = Debug|Any CPU
		{36DE9584-F033-4EC0-A18F-1AE60EE55754}.Debug|Any CPU.Build.0 = Debug|Any CPU
		{36DE9584-F033-4EC0-A18F-1AE60EE55754}.Debug|Mixed Platforms.ActiveCfg = Debug|Any CPU
		{36DE9584-F033-4EC0-A18F-1AE60EE55754}.Debug|Mixed Platforms.Build.0 = Debug|Any CPU
		{36DE9584-F033-4EC0-A18F-1AE60EE55754}.Debug|Win32.ActiveCfg = Debug|Any CPU
		{36DE9584-F033-4EC0-A18F-1AE60EE55754}.Debug|x86.ActiveCfg = Debug|Any CPU
		{36DE9584-F033-4EC0-A18F-1AE60EE55754}.Release|Any CPU.ActiveCfg = Release|Any CPU
		{36DE9584-F033-4EC0-A18F-1AE60EE55754}.Release|Any CPU.Build.0 = Release|Any CPU
		{36DE9584-F033-4EC0-A18F-1AE60EE55754}.Release|Mixed Platforms.ActiveCfg = Release|Any CPU
		{36DE9584-F033-4EC0-A18F-1AE60EE55754}.Release|Mixed Platforms.Build.0 = Release|Any CPU
		{36DE9584-F033-4EC0-A18F-1AE60EE55754}.Release|Win32.ActiveCfg = Release|Any CPU
		{36DE9584-F033-4EC0-A18F-1AE60EE55754}.Release|x86.ActiveCfg = Release|Any CPU
		{36DE9584-F033-4EC0-A18F-1AE60EE55754}.ReleaseWhiteList|Any CPU.ActiveCfg = Release|Any CPU
		{36DE9584-F033-4EC0-A18F-1AE60EE55754}.ReleaseWhiteList|Mixed Platforms.ActiveCfg = Release|Any CPU
		{36DE9584-F033-4EC0-A18F-1AE60EE55754}.ReleaseWhiteList|Mixed Platforms.Build.0 = Release|Any CPU
		{36DE9584-F033-4EC0-A18F-1AE60EE55754}.ReleaseWhiteList|Win32.ActiveCfg = Release|Any CPU
		{36DE9584-F033-4EC0-A18F-1AE60EE55754}.ReleaseWhiteList|x86.ActiveCfg = Release|Any CPU
		{8A1194A0-C773-483B-BD78-9D013105CEA1}.Benchmark|Any CPU.ActiveCfg = Release|Any CPU
		{8A1194A0-C773-483B-BD78-9D013105CEA1}.Benchmark|Any CPU.Build.0 = Release|Any CPU
		{8A1194A0-C773-483B-BD78-9D013105CEA1}.Benchmark|Mixed Platforms.ActiveCfg = Release|Any CPU
		{8A1194A0-C773-483B-BD78-9D013105CEA1}.Benchmark|Mixed Platforms.Build.0 = Release|Any CPU
		{8A1194A0-C773-483B-BD78-9D013105CEA1}.Benchmark|Win32.ActiveCfg = Release|Any CPU
		{8A1194A0-C773-483B-BD78-9D013105CEA1}.Benchmark|x86.ActiveCfg = Release|Any CPU
		{8A1194A0-C773-483B-BD78-9D013105CEA1}.Debug|Any CPU.ActiveCfg = Debug|Any CPU
		{8A1194A0-C773-483B-BD78-9D013105CEA1}.Debug|Any CPU.Build.0 = Debug|Any CPU
		{8A1194A0-C773-483B-BD78-9D013105CEA1}.Debug|Mixed Platforms.ActiveCfg = Debug|Any CPU
		{8A1194A0-C773-483B-BD78-9D013105CEA1}.Debug|Mixed Platforms.Build.0 = Debug|Any CPU
		{8A1194A0-C773-483B-BD78-9D013105CEA1}.Debug|Win32.ActiveCfg = Debug|Any CPU
		{8A1194A0-C773-483B-BD78-9D013105CEA1}.Debug|x86.ActiveCfg = Debug|Any CPU
		{8A1194A0-C773-483B-BD78-9D013105CEA1}.Release|Any CPU.ActiveCfg = Release|Any CPU
		{8A1194A0-C773-483B-BD78-9D013105CEA1}.Release|Any CPU.Build.0 = Release|Any CPU
		{8A1194A0-C773-483B-BD78-9D013105CEA1}.Release|Mixed Platforms.ActiveCfg = Release|Any CPU
		{8A1194A0-C773-483B-BD78-9D013105CEA1}.Release|Mixed Platforms.Build.0 = Release|Any CPU
		{8A1194A0-C773-483B-BD78-9D013105CEA1}.Release|Win32.ActiveCfg = Release|Any CPU
		{8A1194A0-C773-483B-BD78-9D013105CEA1}.Release|x86.ActiveCfg = Release|Any CPU
		{8A1194A0-C773-483B-BD78-9D013105CEA1}.ReleaseWhiteList|Any CPU.ActiveCfg = Release|Any CPU
		{8A1194A0-C773-483B-BD78-9D013105CEA1}.ReleaseWhiteList|Mixed Platforms.ActiveCfg = Release|Any CPU
		{8A1194A0-C773-483B-BD78-9D013105CEA1}.ReleaseWhiteList|Mixed Platforms.Build.0 = Release|Any CPU
		{8A1194A0-C773-483B-BD78-9D013105CEA1}.ReleaseWhiteList|Win32.ActiveCfg = Release|Any CPU
		{8A1194A0-C773-483B-BD78-9D013105CEA1}.ReleaseWhiteList|x86.ActiveCfg = Release|Any CPU
		{3B0676C4-5CF1-4A0B-97E4-0CDF2B035702}.Benchmark|Any CPU.ActiveCfg = Release|Any CPU
		{3B0676C4-5CF1-4A0B-97E4-0CDF2B035702}.Benchmark|Any CPU.Build.0 = Release|Any CPU
		{3B0676C4-5CF1-4A0B-97E4-0CDF2B035702}.Benchmark|Mixed Platforms.ActiveCfg = Release|Any CPU
		{3B0676C4-5CF1-4A0B-97E4-0CDF2B035702}.Benchmark|Mixed Platforms.Build.0 = Release|Any CPU
		{3B0676C4-5CF1-4A0B-97E4-0CDF2B035702}.Benchmark|Win32.ActiveCfg = Release|Any CPU
		{3B0676C4-5CF1-4A0B-97E4-0CDF2B035702}.Benchmark|Win32.Build.0 = Release|Any CPU
		{3B0676C4-5CF1-4A0B-97E4-0CDF2B035702}.Benchmark|x86.ActiveCfg = Release|Any CPU
		{3B0676C4-5CF1-4A0B-97E4-0CDF2B035702}.Benchmark|x86.Build.0 = Release|Any CPU
		{3B0676C4-5CF1-4A0B-97E4-0CDF2B035702}.Debug|Any CPU.ActiveCfg = Debug|Any CPU
		{3B0676C4-5CF1-4A0B-97E4-0CDF2B035702}.Debug|Any CPU.Build.0 = Debug|Any CPU
		{3B0676C4-5CF1-4A0B-97E4-0CDF2B035702}.Debug|Mixed Platforms.ActiveCfg = Debug|Any CPU
		{3B0676C4-5CF1-4A0B-97E4-0CDF2B035702}.Debug|Mixed Platforms.Build.0 = Debug|Any CPU
		{3B0676C4-5CF1-4A0B-97E4-0CDF2B035702}.Debug|Win32.ActiveCfg = Debug|Any CPU
		{3B0676C4-5CF1-4A0B-97E4-0CDF2B035702}.Debug|Win32.Build.0 = Debug|Any CPU
		{3B0676C4-5CF1-4A0B-97E4-0CDF2B035702}.Debug|x86.ActiveCfg = Debug|Any CPU
		{3B0676C4-5CF1-4A0B-97E4-0CDF2B035702}.Debug|x86.Build.0 = Debug|Any CPU
		{3B0676C4-5CF1-4A0B-97E4-0CDF2B035702}.Release|Any CPU.ActiveCfg = Release|Any CPU
		{3B0676C4-5CF1-4A0B-97E4-0CDF2B035702}.Release|Any CPU.Build.0 = Release|Any CPU
		{3B0676C4-5CF1-4A0B-97E4-0CDF2B035702}.Release|Mixed Platforms.ActiveCfg = Release|Any CPU
		{3B0676C4-5CF1-4A0B-97E4-0CDF2B035702}.Release|Mixed Platforms.Build.0 = Release|Any CPU
		{3B0676C4-5CF1-4A0B-97E4-0CDF2B035702}.Release|Win32.ActiveCfg = Release|Any CPU
		{3B0676C4-5CF1-4A0B-97E4-0CDF2B035702}.Release|Win32.Build.0 = Release|Any CPU
		{3B0676C4-5CF1-4A0B-97E4-0CDF2B035702}.Release|x86.ActiveCfg = Release|Any CPU
		{3B0676C4-5CF1-4A0B-97E4-0CDF2B035702}.Release|x86.Build.0 = Release|Any CPU
		{3B0676C4-5CF1-4A0B-97E4-0CDF2B035702}.ReleaseWhiteList|Any CPU.ActiveCfg = Release|Any CPU
		{3B0676C4-5CF1-4A0B-97E4-0CDF2B035702}.ReleaseWhiteList|Any CPU.Build.0 = Release|Any CPU
		{3B0676C4-5CF1-4A0B-97E4-0CDF2B035702}.ReleaseWhiteList|Mixed Platforms.ActiveCfg = Release|Any CPU
		{3B0676C4-5CF1-4A0B-97E4-0CDF2B035702}.ReleaseWhiteList|Mixed Platforms.Build.0 = Release|Any CPU
		{3B0676C4-5CF1-4A0B-97E4-0CDF2B035702}.ReleaseWhiteList|Win32.ActiveCfg = Release|Any CPU
		{3B0676C4-5CF1-4A0B-97E4-0CDF2B035702}.ReleaseWhiteList|Win32.Build.0 = Release|Any CPU
		{3B0676C4-5CF1-4A0B-97E4-0CDF2B035702}.ReleaseWhiteList|x86.ActiveCfg = Release|Any CPU
		{3B0676C4-5CF1-4A0B-97E4-0CDF2B035702}.ReleaseWhiteList|x86.Build.0 = Release|Any CPU
	EndGlobalSection
	GlobalSection(SolutionProperties) = preSolution
		HideSolutionNode = FALSE
	EndGlobalSection
	GlobalSection(NestedProjects) = preSolution
		{8E45BF42-5B0B-4AEF-9E63-B2966622FC23} = {D6A3DE7A-7E93-4932-AA8F-C612FD97830E}
		{92381E9C-57F9-4391-A3C6-A5FAA99E823B} = {E87433B1-D691-4D36-BB6B-3B766192CC8E}
		{2C5074CA-FBA8-46F1-A430-5437D67B63E5} = {920000AB-D955-4399-AD00-78523C740E2A}
		{169F5A43-1079-4E1F-87A2-C5E8E7A69BF9} = {D6A3DE7A-7E93-4932-AA8F-C612FD97830E}
		{A8043ED2-2536-46BB-A856-F051C43A985D} = {D6A3DE7A-7E93-4932-AA8F-C612FD97830E}
		{36DE9584-F033-4EC0-A18F-1AE60EE55754} = {920000AB-D955-4399-AD00-78523C740E2A}
		{8A1194A0-C773-483B-BD78-9D013105CEA1} = {920000AB-D955-4399-AD00-78523C740E2A}
		{3B0676C4-5CF1-4A0B-97E4-0CDF2B035702} = {D6A3DE7A-7E93-4932-AA8F-C612FD97830E}
	EndGlobalSection
	GlobalSection(ExtensibilityGlobals) = postSolution
		EnterpriseLibraryConfigurationToolBinariesPath = packages\Unity.2.1.505.2\lib\NET35
		SolutionGuid = {BB1B236A-1BE9-476A-A4B3-8C0F51F1FDA7}
	EndGlobalSection
EndGlobal
